// !$*UTF8*$!
{
	archiveVersion = 1;
	classes = {
	};
	objectVersion = 50;
	objects = {

/* Begin PBXBuildFile section */
		0A07F98F22519BCD004FE625 /* CharacterCell.swift in Sources */ = {isa = PBXBuildFile; fileRef = 0A07F98E22519BCD004FE625 /* CharacterCell.swift */; };
		0A07F99B2251B87F004FE625 /* Action Man Bold Italic.ttf in Resources */ = {isa = PBXBuildFile; fileRef = 0A07F9952251B1C0004FE625 /* Action Man Bold Italic.ttf */; };
		0A07F99C2251B882004FE625 /* Action Man Bold.ttf in Resources */ = {isa = PBXBuildFile; fileRef = 0A07F99A2251B1C1004FE625 /* Action Man Bold.ttf */; };
		0A07F99D2251B887004FE625 /* Action Man Extended Bold Italic.ttf in Resources */ = {isa = PBXBuildFile; fileRef = 0A07F9992251B1C0004FE625 /* Action Man Extended Bold Italic.ttf */; };
		0A07F99E2251B887004FE625 /* Action Man Extended Bold.ttf in Resources */ = {isa = PBXBuildFile; fileRef = 0A07F9932251B1C0004FE625 /* Action Man Extended Bold.ttf */; };
		0A07F99F2251B887004FE625 /* Action Man Extended Italic.ttf in Resources */ = {isa = PBXBuildFile; fileRef = 0A07F9912251B1C0004FE625 /* Action Man Extended Italic.ttf */; };
		0A07F9A02251B887004FE625 /* Action Man Extended.ttf in Resources */ = {isa = PBXBuildFile; fileRef = 0A07F9972251B1C0004FE625 /* Action Man Extended.ttf */; };
		0A07F9A12251B887004FE625 /* Action Man Italic.ttf in Resources */ = {isa = PBXBuildFile; fileRef = 0A07F9922251B1C0004FE625 /* Action Man Italic.ttf */; };
		0A07F9A22251B887004FE625 /* Action Man Shaded Italic.ttf in Resources */ = {isa = PBXBuildFile; fileRef = 0A07F9982251B1C0004FE625 /* Action Man Shaded Italic.ttf */; };
		0A07F9A32251B887004FE625 /* Action Man Shaded.ttf in Resources */ = {isa = PBXBuildFile; fileRef = 0A07F9942251B1C0004FE625 /* Action Man Shaded.ttf */; };
		0A07F9A42251B887004FE625 /* Action Man.ttf in Resources */ = {isa = PBXBuildFile; fileRef = 0A07F9962251B1C0004FE625 /* Action Man.ttf */; };
		0A507EA72279E62F00DF08F6 /* Characters.storyboard in Resources */ = {isa = PBXBuildFile; fileRef = 0A507EA52279E62F00DF08F6 /* Characters.storyboard */; };
		0A507EA82279E69400DF08F6 /* CharacterCell.xib in Sources */ = {isa = PBXBuildFile; fileRef = 0A07F98C22519AC8004FE625 /* CharacterCell.xib */; };
		0A75DB3F226D2932006A5E3D /* CharacterDetailViewController.swift in Sources */ = {isa = PBXBuildFile; fileRef = 0A75DB3E226D2932006A5E3D /* CharacterDetailViewController.swift */; };
		0A75DB41226D2F7B006A5E3D /* CharacterDetailViewModel.swift in Sources */ = {isa = PBXBuildFile; fileRef = 0A75DB40226D2F7B006A5E3D /* CharacterDetailViewModel.swift */; };
		0A75DB45226D32EC006A5E3D /* UIStoryboard.swift in Sources */ = {isa = PBXBuildFile; fileRef = 0A75DB44226D32EC006A5E3D /* UIStoryboard.swift */; };
		0A75DB49226D36FC006A5E3D /* UIViewController.swift in Sources */ = {isa = PBXBuildFile; fileRef = 0A75DB48226D36FC006A5E3D /* UIViewController.swift */; };
		0A9111F6220FC39E00CB267A /* .swiftlint.yml in Resources */ = {isa = PBXBuildFile; fileRef = 0A9111F5220FC39E00CB267A /* .swiftlint.yml */; };
		0A97F1822207C8CC00537076 /* Constants.swift in Sources */ = {isa = PBXBuildFile; fileRef = 0A97F1812207C8CC00537076 /* Constants.swift */; };
		0A97F1852207EDD300537076 /* BaseProvider.swift in Sources */ = {isa = PBXBuildFile; fileRef = 0A97F1842207EDD300537076 /* BaseProvider.swift */; };
		0A97F1892209249C00537076 /* CharactersProvider.swift in Sources */ = {isa = PBXBuildFile; fileRef = 0A97F1882209249C00537076 /* CharactersProvider.swift */; };
		0A97F18B220D171E00537076 /* MarvelResponse.swift in Sources */ = {isa = PBXBuildFile; fileRef = 0A97F18A220D171E00537076 /* MarvelResponse.swift */; };
		0A97F18D220D1CB000537076 /* Character.swift in Sources */ = {isa = PBXBuildFile; fileRef = 0A97F18C220D1CB000537076 /* Character.swift */; };
		0A97F18F220D29ED00537076 /* Comics.swift in Sources */ = {isa = PBXBuildFile; fileRef = 0A97F18E220D29ED00537076 /* Comics.swift */; };
		0A97F191220D2BC300537076 /* Stories.swift in Sources */ = {isa = PBXBuildFile; fileRef = 0A97F190220D2BC300537076 /* Stories.swift */; };
		0A9BB8182259901A001D3DF1 /* ImageProvider.swift in Sources */ = {isa = PBXBuildFile; fileRef = 0A9BB8172259901A001D3DF1 /* ImageProvider.swift */; };
		0A9BB81D2262D437001D3DF1 /* CharactersViewModel.swift in Sources */ = {isa = PBXBuildFile; fileRef = 0A9BB81C2262D437001D3DF1 /* CharactersViewModel.swift */; };
		0A9BB81F226401C0001D3DF1 /* Dynamic.swift in Sources */ = {isa = PBXBuildFile; fileRef = 0A9BB81E226401C0001D3DF1 /* Dynamic.swift */; };
		0ABAC25C2207BDEF00C6B792 /* AppDelegate.swift in Sources */ = {isa = PBXBuildFile; fileRef = 0ABAC25B2207BDEF00C6B792 /* AppDelegate.swift */; };
		0ABAC25E2207BDEF00C6B792 /* CharactersViewController.swift in Sources */ = {isa = PBXBuildFile; fileRef = 0ABAC25D2207BDEF00C6B792 /* CharactersViewController.swift */; };
		0ABAC2662207BDF200C6B792 /* LaunchScreen.storyboard in Resources */ = {isa = PBXBuildFile; fileRef = 0ABAC2642207BDF200C6B792 /* LaunchScreen.storyboard */; };
		0ABAC2712207BDF200C6B792 /* marvel_galleryTests.swift in Sources */ = {isa = PBXBuildFile; fileRef = 0ABAC2702207BDF200C6B792 /* marvel_galleryTests.swift */; };
		0ABAC27C2207BDF200C6B792 /* marvel_galleryUITests.swift in Sources */ = {isa = PBXBuildFile; fileRef = 0ABAC27B2207BDF200C6B792 /* marvel_galleryUITests.swift */; };
		2C7886147C9502577D97BE95 /* Pods_marvel_galleryUITests.framework in Frameworks */ = {isa = PBXBuildFile; fileRef = 8516F9BB138D33A320D0294B /* Pods_marvel_galleryUITests.framework */; };
		6587E24EEA6F1A7670D7BEA2 /* Pods_marvel_galleryTests.framework in Frameworks */ = {isa = PBXBuildFile; fileRef = 055250F4B3CAC3E84CE3FF5A /* Pods_marvel_galleryTests.framework */; };
		81E7243339B055E7721A7AE7 /* Pods_marvel_gallery.framework in Frameworks */ = {isa = PBXBuildFile; fileRef = 27AAFB0BBD1754471AC0643E /* Pods_marvel_gallery.framework */; };
/* End PBXBuildFile section */

/* Begin PBXContainerItemProxy section */
		0ABAC26D2207BDF200C6B792 /* PBXContainerItemProxy */ = {
			isa = PBXContainerItemProxy;
			containerPortal = 0ABAC2502207BDEF00C6B792 /* Project object */;
			proxyType = 1;
			remoteGlobalIDString = 0ABAC2572207BDEF00C6B792;
			remoteInfo = "marvel-gallery";
		};
		0ABAC2782207BDF200C6B792 /* PBXContainerItemProxy */ = {
			isa = PBXContainerItemProxy;
			containerPortal = 0ABAC2502207BDEF00C6B792 /* Project object */;
			proxyType = 1;
			remoteGlobalIDString = 0ABAC2572207BDEF00C6B792;
			remoteInfo = "marvel-gallery";
		};
/* End PBXContainerItemProxy section */

/* Begin PBXFileReference section */
		055250F4B3CAC3E84CE3FF5A /* Pods_marvel_galleryTests.framework */ = {isa = PBXFileReference; explicitFileType = wrapper.framework; includeInIndex = 0; path = Pods_marvel_galleryTests.framework; sourceTree = BUILT_PRODUCTS_DIR; };
		0A07F98C22519AC8004FE625 /* CharacterCell.xib */ = {isa = PBXFileReference; lastKnownFileType = file.xib; path = CharacterCell.xib; sourceTree = "<group>"; };
		0A07F98E22519BCD004FE625 /* CharacterCell.swift */ = {isa = PBXFileReference; lastKnownFileType = sourcecode.swift; path = CharacterCell.swift; sourceTree = "<group>"; };
		0A07F9912251B1C0004FE625 /* Action Man Extended Italic.ttf */ = {isa = PBXFileReference; lastKnownFileType = file; path = "Action Man Extended Italic.ttf"; sourceTree = "<group>"; };
		0A07F9922251B1C0004FE625 /* Action Man Italic.ttf */ = {isa = PBXFileReference; lastKnownFileType = file; path = "Action Man Italic.ttf"; sourceTree = "<group>"; };
		0A07F9932251B1C0004FE625 /* Action Man Extended Bold.ttf */ = {isa = PBXFileReference; lastKnownFileType = file; path = "Action Man Extended Bold.ttf"; sourceTree = "<group>"; };
		0A07F9942251B1C0004FE625 /* Action Man Shaded.ttf */ = {isa = PBXFileReference; lastKnownFileType = file; path = "Action Man Shaded.ttf"; sourceTree = "<group>"; };
		0A07F9952251B1C0004FE625 /* Action Man Bold Italic.ttf */ = {isa = PBXFileReference; lastKnownFileType = file; path = "Action Man Bold Italic.ttf"; sourceTree = "<group>"; };
		0A07F9962251B1C0004FE625 /* Action Man.ttf */ = {isa = PBXFileReference; lastKnownFileType = file; path = "Action Man.ttf"; sourceTree = "<group>"; };
		0A07F9972251B1C0004FE625 /* Action Man Extended.ttf */ = {isa = PBXFileReference; lastKnownFileType = file; path = "Action Man Extended.ttf"; sourceTree = "<group>"; };
		0A07F9982251B1C0004FE625 /* Action Man Shaded Italic.ttf */ = {isa = PBXFileReference; lastKnownFileType = file; path = "Action Man Shaded Italic.ttf"; sourceTree = "<group>"; };
		0A07F9992251B1C0004FE625 /* Action Man Extended Bold Italic.ttf */ = {isa = PBXFileReference; lastKnownFileType = file; path = "Action Man Extended Bold Italic.ttf"; sourceTree = "<group>"; };
		0A07F99A2251B1C1004FE625 /* Action Man Bold.ttf */ = {isa = PBXFileReference; lastKnownFileType = file; path = "Action Man Bold.ttf"; sourceTree = "<group>"; };
		0A507EA62279E62F00DF08F6 /* Base */ = {isa = PBXFileReference; lastKnownFileType = file.storyboard; name = Base; path = Base.lproj/Characters.storyboard; sourceTree = "<group>"; };
		0A75DB3E226D2932006A5E3D /* CharacterDetailViewController.swift */ = {isa = PBXFileReference; lastKnownFileType = sourcecode.swift; path = CharacterDetailViewController.swift; sourceTree = "<group>"; };
		0A75DB40226D2F7B006A5E3D /* CharacterDetailViewModel.swift */ = {isa = PBXFileReference; lastKnownFileType = sourcecode.swift; path = CharacterDetailViewModel.swift; sourceTree = "<group>"; };
		0A75DB44226D32EC006A5E3D /* UIStoryboard.swift */ = {isa = PBXFileReference; lastKnownFileType = sourcecode.swift; path = UIStoryboard.swift; sourceTree = "<group>"; };
		0A75DB48226D36FC006A5E3D /* UIViewController.swift */ = {isa = PBXFileReference; lastKnownFileType = sourcecode.swift; path = UIViewController.swift; sourceTree = "<group>"; };
		0A9111F5220FC39E00CB267A /* .swiftlint.yml */ = {isa = PBXFileReference; lastKnownFileType = text; path = .swiftlint.yml; sourceTree = "<group>"; };
		0A97F1812207C8CC00537076 /* Constants.swift */ = {isa = PBXFileReference; lastKnownFileType = sourcecode.swift; path = Constants.swift; sourceTree = "<group>"; };
		0A97F1842207EDD300537076 /* BaseProvider.swift */ = {isa = PBXFileReference; lastKnownFileType = sourcecode.swift; path = BaseProvider.swift; sourceTree = "<group>"; };
		0A97F1882209249C00537076 /* CharactersProvider.swift */ = {isa = PBXFileReference; lastKnownFileType = sourcecode.swift; path = CharactersProvider.swift; sourceTree = "<group>"; };
		0A97F18A220D171E00537076 /* MarvelResponse.swift */ = {isa = PBXFileReference; lastKnownFileType = sourcecode.swift; path = MarvelResponse.swift; sourceTree = "<group>"; };
		0A97F18C220D1CB000537076 /* Character.swift */ = {isa = PBXFileReference; lastKnownFileType = sourcecode.swift; name = Character.swift; path = ../../Models/Character.swift; sourceTree = "<group>"; };
		0A97F18E220D29ED00537076 /* Comics.swift */ = {isa = PBXFileReference; lastKnownFileType = sourcecode.swift; path = Comics.swift; sourceTree = "<group>"; };
		0A97F190220D2BC300537076 /* Stories.swift */ = {isa = PBXFileReference; lastKnownFileType = sourcecode.swift; path = Stories.swift; sourceTree = "<group>"; };
		0A9BB8172259901A001D3DF1 /* ImageProvider.swift */ = {isa = PBXFileReference; lastKnownFileType = sourcecode.swift; path = ImageProvider.swift; sourceTree = "<group>"; };
		0A9BB81C2262D437001D3DF1 /* CharactersViewModel.swift */ = {isa = PBXFileReference; lastKnownFileType = sourcecode.swift; path = CharactersViewModel.swift; sourceTree = "<group>"; };
		0A9BB81E226401C0001D3DF1 /* Dynamic.swift */ = {isa = PBXFileReference; lastKnownFileType = sourcecode.swift; path = Dynamic.swift; sourceTree = "<group>"; };
		0ABAC2582207BDEF00C6B792 /* marvel-gallery.app */ = {isa = PBXFileReference; explicitFileType = wrapper.application; includeInIndex = 0; path = "marvel-gallery.app"; sourceTree = BUILT_PRODUCTS_DIR; };
		0ABAC25B2207BDEF00C6B792 /* AppDelegate.swift */ = {isa = PBXFileReference; lastKnownFileType = sourcecode.swift; path = AppDelegate.swift; sourceTree = "<group>"; };
		0ABAC25D2207BDEF00C6B792 /* CharactersViewController.swift */ = {isa = PBXFileReference; lastKnownFileType = sourcecode.swift; path = CharactersViewController.swift; sourceTree = "<group>"; };
		0ABAC2652207BDF200C6B792 /* Base */ = {isa = PBXFileReference; lastKnownFileType = file.storyboard; name = Base; path = Base.lproj/LaunchScreen.storyboard; sourceTree = "<group>"; };
		0ABAC2672207BDF200C6B792 /* Info.plist */ = {isa = PBXFileReference; lastKnownFileType = text.plist.xml; path = Info.plist; sourceTree = "<group>"; };
		0ABAC26C2207BDF200C6B792 /* marvel-galleryTests.xctest */ = {isa = PBXFileReference; explicitFileType = wrapper.cfbundle; includeInIndex = 0; path = "marvel-galleryTests.xctest"; sourceTree = BUILT_PRODUCTS_DIR; };
		0ABAC2702207BDF200C6B792 /* marvel_galleryTests.swift */ = {isa = PBXFileReference; lastKnownFileType = sourcecode.swift; path = marvel_galleryTests.swift; sourceTree = "<group>"; };
		0ABAC2722207BDF200C6B792 /* Info.plist */ = {isa = PBXFileReference; lastKnownFileType = text.plist.xml; path = Info.plist; sourceTree = "<group>"; };
		0ABAC2772207BDF200C6B792 /* marvel-galleryUITests.xctest */ = {isa = PBXFileReference; explicitFileType = wrapper.cfbundle; includeInIndex = 0; path = "marvel-galleryUITests.xctest"; sourceTree = BUILT_PRODUCTS_DIR; };
		0ABAC27B2207BDF200C6B792 /* marvel_galleryUITests.swift */ = {isa = PBXFileReference; lastKnownFileType = sourcecode.swift; path = marvel_galleryUITests.swift; sourceTree = "<group>"; };
		0ABAC27D2207BDF200C6B792 /* Info.plist */ = {isa = PBXFileReference; lastKnownFileType = text.plist.xml; path = Info.plist; sourceTree = "<group>"; };
		0D68C6132E170FE4899C4E7F /* Pods-marvel-gallery.release.xcconfig */ = {isa = PBXFileReference; includeInIndex = 1; lastKnownFileType = text.xcconfig; name = "Pods-marvel-gallery.release.xcconfig"; path = "Pods/Target Support Files/Pods-marvel-gallery/Pods-marvel-gallery.release.xcconfig"; sourceTree = "<group>"; };
		27AAFB0BBD1754471AC0643E /* Pods_marvel_gallery.framework */ = {isa = PBXFileReference; explicitFileType = wrapper.framework; includeInIndex = 0; path = Pods_marvel_gallery.framework; sourceTree = BUILT_PRODUCTS_DIR; };
		3758C809AD1EC1A4B90D445F /* Pods-marvel-galleryUITests.release.xcconfig */ = {isa = PBXFileReference; includeInIndex = 1; lastKnownFileType = text.xcconfig; name = "Pods-marvel-galleryUITests.release.xcconfig"; path = "Pods/Target Support Files/Pods-marvel-galleryUITests/Pods-marvel-galleryUITests.release.xcconfig"; sourceTree = "<group>"; };
		6F872EAB1DEF0E54AD7DCBF0 /* Pods-marvel-galleryTests.debug.xcconfig */ = {isa = PBXFileReference; includeInIndex = 1; lastKnownFileType = text.xcconfig; name = "Pods-marvel-galleryTests.debug.xcconfig"; path = "Pods/Target Support Files/Pods-marvel-galleryTests/Pods-marvel-galleryTests.debug.xcconfig"; sourceTree = "<group>"; };
		83722A15E34E5D4E8ABDA0C2 /* Pods-marvel-galleryUITests.debug.xcconfig */ = {isa = PBXFileReference; includeInIndex = 1; lastKnownFileType = text.xcconfig; name = "Pods-marvel-galleryUITests.debug.xcconfig"; path = "Pods/Target Support Files/Pods-marvel-galleryUITests/Pods-marvel-galleryUITests.debug.xcconfig"; sourceTree = "<group>"; };
		8516F9BB138D33A320D0294B /* Pods_marvel_galleryUITests.framework */ = {isa = PBXFileReference; explicitFileType = wrapper.framework; includeInIndex = 0; path = Pods_marvel_galleryUITests.framework; sourceTree = BUILT_PRODUCTS_DIR; };
		F47D5EB6B6E1B38144A51DD8 /* Pods-marvel-gallery.debug.xcconfig */ = {isa = PBXFileReference; includeInIndex = 1; lastKnownFileType = text.xcconfig; name = "Pods-marvel-gallery.debug.xcconfig"; path = "Pods/Target Support Files/Pods-marvel-gallery/Pods-marvel-gallery.debug.xcconfig"; sourceTree = "<group>"; };
		F8A149A5C11D2975BAC6C0CE /* Pods-marvel-galleryTests.release.xcconfig */ = {isa = PBXFileReference; includeInIndex = 1; lastKnownFileType = text.xcconfig; name = "Pods-marvel-galleryTests.release.xcconfig"; path = "Pods/Target Support Files/Pods-marvel-galleryTests/Pods-marvel-galleryTests.release.xcconfig"; sourceTree = "<group>"; };
/* End PBXFileReference section */

/* Begin PBXFrameworksBuildPhase section */
		0ABAC2552207BDEF00C6B792 /* Frameworks */ = {
			isa = PBXFrameworksBuildPhase;
			buildActionMask = 2147483647;
			files = (
				81E7243339B055E7721A7AE7 /* Pods_marvel_gallery.framework in Frameworks */,
			);
			runOnlyForDeploymentPostprocessing = 0;
		};
		0ABAC2692207BDF200C6B792 /* Frameworks */ = {
			isa = PBXFrameworksBuildPhase;
			buildActionMask = 2147483647;
			files = (
				6587E24EEA6F1A7670D7BEA2 /* Pods_marvel_galleryTests.framework in Frameworks */,
			);
			runOnlyForDeploymentPostprocessing = 0;
		};
		0ABAC2742207BDF200C6B792 /* Frameworks */ = {
			isa = PBXFrameworksBuildPhase;
			buildActionMask = 2147483647;
			files = (
				2C7886147C9502577D97BE95 /* Pods_marvel_galleryUITests.framework in Frameworks */,
			);
			runOnlyForDeploymentPostprocessing = 0;
		};
/* End PBXFrameworksBuildPhase section */

/* Begin PBXGroup section */
		0A07F9902251B184004FE625 /* fonts */ = {
			isa = PBXGroup;
			children = (
				0A07F9952251B1C0004FE625 /* Action Man Bold Italic.ttf */,
				0A07F99A2251B1C1004FE625 /* Action Man Bold.ttf */,
				0A07F9992251B1C0004FE625 /* Action Man Extended Bold Italic.ttf */,
				0A07F9932251B1C0004FE625 /* Action Man Extended Bold.ttf */,
				0A07F9912251B1C0004FE625 /* Action Man Extended Italic.ttf */,
				0A07F9972251B1C0004FE625 /* Action Man Extended.ttf */,
				0A07F9922251B1C0004FE625 /* Action Man Italic.ttf */,
				0A07F9982251B1C0004FE625 /* Action Man Shaded Italic.ttf */,
				0A07F9942251B1C0004FE625 /* Action Man Shaded.ttf */,
				0A07F9962251B1C0004FE625 /* Action Man.ttf */,
			);
			path = fonts;
			sourceTree = "<group>";
		};
		0A75DB42226D2FBE006A5E3D /* Features */ = {
			isa = PBXGroup;
			children = (
				0A75DB43226D2FC9006A5E3D /* Characters */,
			);
			path = Features;
			sourceTree = "<group>";
		};
		0A75DB43226D2FC9006A5E3D /* Characters */ = {
			isa = PBXGroup;
			children = (
				0A507EA52279E62F00DF08F6 /* Characters.storyboard */,
				0A97F18C220D1CB000537076 /* Character.swift */,
				0A07F98C22519AC8004FE625 /* CharacterCell.xib */,
				0A07F98E22519BCD004FE625 /* CharacterCell.swift */,
				0A97F1882209249C00537076 /* CharactersProvider.swift */,
				0ABAC25D2207BDEF00C6B792 /* CharactersViewController.swift */,
				0A75DB3E226D2932006A5E3D /* CharacterDetailViewController.swift */,
				0A9BB81C2262D437001D3DF1 /* CharactersViewModel.swift */,
				0A75DB40226D2F7B006A5E3D /* CharacterDetailViewModel.swift */,
			);
			path = Characters;
			sourceTree = "<group>";
		};
		0A9111F72214FD1100CB267A /* Extensions */ = {
			isa = PBXGroup;
			children = (
				0A75DB44226D32EC006A5E3D /* UIStoryboard.swift */,
				0A75DB48226D36FC006A5E3D /* UIViewController.swift */,
			);
			path = Extensions;
			sourceTree = "<group>";
		};
		0A9111FA221503B300CB267A /* Components */ = {
			isa = PBXGroup;
			children = (
			);
			path = Components;
			sourceTree = "<group>";
		};
		0A97F1832207EDC200537076 /* Providers */ = {
			isa = PBXGroup;
			children = (
				0A97F1842207EDD300537076 /* BaseProvider.swift */,
				0A9BB8172259901A001D3DF1 /* ImageProvider.swift */,
			);
			path = Providers;
			sourceTree = "<group>";
		};
		0ABAC24F2207BDEF00C6B792 = {
			isa = PBXGroup;
			children = (
				0ABAC25A2207BDEF00C6B792 /* marvel-gallery */,
				0ABAC26F2207BDF200C6B792 /* marvel-galleryTests */,
				0ABAC27A2207BDF200C6B792 /* marvel-galleryUITests */,
				0ABAC2592207BDEF00C6B792 /* Products */,
				D843E4F7B66EA2CFE1487CD8 /* Pods */,
				1C4075FC0759E6FEC71FC968 /* Frameworks */,
				0A9111F5220FC39E00CB267A /* .swiftlint.yml */,
			);
			sourceTree = "<group>";
		};
		0ABAC2592207BDEF00C6B792 /* Products */ = {
			isa = PBXGroup;
			children = (
				0ABAC2582207BDEF00C6B792 /* marvel-gallery.app */,
				0ABAC26C2207BDF200C6B792 /* marvel-galleryTests.xctest */,
				0ABAC2772207BDF200C6B792 /* marvel-galleryUITests.xctest */,
			);
			name = Products;
			sourceTree = "<group>";
		};
		0ABAC25A2207BDEF00C6B792 /* marvel-gallery */ = {
			isa = PBXGroup;
			children = (
				0A75DB42226D2FBE006A5E3D /* Features */,
				0A9111FA221503B300CB267A /* Components */,
				0A9111F72214FD1100CB267A /* Extensions */,
				0A97F1832207EDC200537076 /* Providers */,
				0ABAC28C2207BE3800C6B792 /* Infrastructure */,
				0ABAC28B2207BE1E00C6B792 /* Models */,
				0A07F9902251B184004FE625 /* fonts */,
				0ABAC25B2207BDEF00C6B792 /* AppDelegate.swift */,
				0ABAC2642207BDF200C6B792 /* LaunchScreen.storyboard */,
				0ABAC2672207BDF200C6B792 /* Info.plist */,
			);
			path = "marvel-gallery";
			sourceTree = "<group>";
		};
		0ABAC26F2207BDF200C6B792 /* marvel-galleryTests */ = {
			isa = PBXGroup;
			children = (
				0ABAC2702207BDF200C6B792 /* marvel_galleryTests.swift */,
				0ABAC2722207BDF200C6B792 /* Info.plist */,
			);
			path = "marvel-galleryTests";
			sourceTree = "<group>";
		};
		0ABAC27A2207BDF200C6B792 /* marvel-galleryUITests */ = {
			isa = PBXGroup;
			children = (
				0ABAC27B2207BDF200C6B792 /* marvel_galleryUITests.swift */,
				0ABAC27D2207BDF200C6B792 /* Info.plist */,
			);
			path = "marvel-galleryUITests";
			sourceTree = "<group>";
		};
		0ABAC28B2207BE1E00C6B792 /* Models */ = {
			isa = PBXGroup;
			children = (
				0A97F18A220D171E00537076 /* MarvelResponse.swift */,
				0A97F18E220D29ED00537076 /* Comics.swift */,
				0A97F190220D2BC300537076 /* Stories.swift */,
			);
			path = Models;
			sourceTree = "<group>";
		};
		0ABAC28C2207BE3800C6B792 /* Infrastructure */ = {
			isa = PBXGroup;
			children = (
				0A97F1812207C8CC00537076 /* Constants.swift */,
				0A9BB81E226401C0001D3DF1 /* Dynamic.swift */,
			);
			path = Infrastructure;
			sourceTree = "<group>";
		};
		1C4075FC0759E6FEC71FC968 /* Frameworks */ = {
			isa = PBXGroup;
			children = (
				27AAFB0BBD1754471AC0643E /* Pods_marvel_gallery.framework */,
				055250F4B3CAC3E84CE3FF5A /* Pods_marvel_galleryTests.framework */,
				8516F9BB138D33A320D0294B /* Pods_marvel_galleryUITests.framework */,
			);
			name = Frameworks;
			sourceTree = "<group>";
		};
		D843E4F7B66EA2CFE1487CD8 /* Pods */ = {
			isa = PBXGroup;
			children = (
				F47D5EB6B6E1B38144A51DD8 /* Pods-marvel-gallery.debug.xcconfig */,
				0D68C6132E170FE4899C4E7F /* Pods-marvel-gallery.release.xcconfig */,
				6F872EAB1DEF0E54AD7DCBF0 /* Pods-marvel-galleryTests.debug.xcconfig */,
				F8A149A5C11D2975BAC6C0CE /* Pods-marvel-galleryTests.release.xcconfig */,
				83722A15E34E5D4E8ABDA0C2 /* Pods-marvel-galleryUITests.debug.xcconfig */,
				3758C809AD1EC1A4B90D445F /* Pods-marvel-galleryUITests.release.xcconfig */,
			);
			name = Pods;
			sourceTree = "<group>";
		};
/* End PBXGroup section */

/* Begin PBXNativeTarget section */
		0ABAC2572207BDEF00C6B792 /* marvel-gallery */ = {
			isa = PBXNativeTarget;
			buildConfigurationList = 0ABAC2802207BDF200C6B792 /* Build configuration list for PBXNativeTarget "marvel-gallery" */;
			buildPhases = (
				DCFF57529E920D347B1E171A /* [CP] Check Pods Manifest.lock */,
				0ABAC2542207BDEF00C6B792 /* Sources */,
				0ABAC2552207BDEF00C6B792 /* Frameworks */,
				0ABAC2562207BDEF00C6B792 /* Resources */,
				F37CC815D36D899C47614B85 /* [CP] Embed Pods Frameworks */,
				0A9111F4220E837100CB267A /* ShellScript */,
			);
			buildRules = (
			);
			dependencies = (
			);
			name = "marvel-gallery";
			productName = "marvel-gallery";
			productReference = 0ABAC2582207BDEF00C6B792 /* marvel-gallery.app */;
			productType = "com.apple.product-type.application";
		};
		0ABAC26B2207BDF200C6B792 /* marvel-galleryTests */ = {
			isa = PBXNativeTarget;
			buildConfigurationList = 0ABAC2832207BDF200C6B792 /* Build configuration list for PBXNativeTarget "marvel-galleryTests" */;
			buildPhases = (
				43CAD869308A480D002058A9 /* [CP] Check Pods Manifest.lock */,
				0ABAC2682207BDF200C6B792 /* Sources */,
				0ABAC2692207BDF200C6B792 /* Frameworks */,
				0ABAC26A2207BDF200C6B792 /* Resources */,
			);
			buildRules = (
			);
			dependencies = (
				0ABAC26E2207BDF200C6B792 /* PBXTargetDependency */,
			);
			name = "marvel-galleryTests";
			productName = "marvel-galleryTests";
			productReference = 0ABAC26C2207BDF200C6B792 /* marvel-galleryTests.xctest */;
			productType = "com.apple.product-type.bundle.unit-test";
		};
		0ABAC2762207BDF200C6B792 /* marvel-galleryUITests */ = {
			isa = PBXNativeTarget;
			buildConfigurationList = 0ABAC2862207BDF200C6B792 /* Build configuration list for PBXNativeTarget "marvel-galleryUITests" */;
			buildPhases = (
				3E074D1B76F5E96DB3D1F09F /* [CP] Check Pods Manifest.lock */,
				0ABAC2732207BDF200C6B792 /* Sources */,
				0ABAC2742207BDF200C6B792 /* Frameworks */,
				0ABAC2752207BDF200C6B792 /* Resources */,
			);
			buildRules = (
			);
			dependencies = (
				0ABAC2792207BDF200C6B792 /* PBXTargetDependency */,
			);
			name = "marvel-galleryUITests";
			productName = "marvel-galleryUITests";
			productReference = 0ABAC2772207BDF200C6B792 /* marvel-galleryUITests.xctest */;
			productType = "com.apple.product-type.bundle.ui-testing";
		};
/* End PBXNativeTarget section */

/* Begin PBXProject section */
		0ABAC2502207BDEF00C6B792 /* Project object */ = {
			isa = PBXProject;
			attributes = {
				LastSwiftUpdateCheck = 1010;
				LastUpgradeCheck = 1010;
				ORGANIZATIONNAME = "Ricardo Yamaguchi";
				TargetAttributes = {
					0ABAC2572207BDEF00C6B792 = {
						CreatedOnToolsVersion = 10.1;
						LastSwiftMigration = 1020;
					};
					0ABAC26B2207BDF200C6B792 = {
						CreatedOnToolsVersion = 10.1;
						LastSwiftMigration = 1020;
						TestTargetID = 0ABAC2572207BDEF00C6B792;
					};
					0ABAC2762207BDF200C6B792 = {
						CreatedOnToolsVersion = 10.1;
						LastSwiftMigration = 1020;
						TestTargetID = 0ABAC2572207BDEF00C6B792;
					};
				};
			};
			buildConfigurationList = 0ABAC2532207BDEF00C6B792 /* Build configuration list for PBXProject "marvel-gallery" */;
			compatibilityVersion = "Xcode 9.3";
			developmentRegion = en;
			hasScannedForEncodings = 0;
			knownRegions = (
				en,
				Base,
			);
			mainGroup = 0ABAC24F2207BDEF00C6B792;
			productRefGroup = 0ABAC2592207BDEF00C6B792 /* Products */;
			projectDirPath = "";
			projectRoot = "";
			targets = (
				0ABAC2572207BDEF00C6B792 /* marvel-gallery */,
				0ABAC26B2207BDF200C6B792 /* marvel-galleryTests */,
				0ABAC2762207BDF200C6B792 /* marvel-galleryUITests */,
			);
		};
/* End PBXProject section */

/* Begin PBXResourcesBuildPhase section */
		0ABAC2562207BDEF00C6B792 /* Resources */ = {
			isa = PBXResourcesBuildPhase;
			buildActionMask = 2147483647;
			files = (
				0A07F99C2251B882004FE625 /* Action Man Bold.ttf in Resources */,
				0A507EA72279E62F00DF08F6 /* Characters.storyboard in Resources */,
				0A9111F6220FC39E00CB267A /* .swiftlint.yml in Resources */,
				0A07F99F2251B887004FE625 /* Action Man Extended Italic.ttf in Resources */,
				0A07F99D2251B887004FE625 /* Action Man Extended Bold Italic.ttf in Resources */,
				0A07F9A22251B887004FE625 /* Action Man Shaded Italic.ttf in Resources */,
				0A07F9A12251B887004FE625 /* Action Man Italic.ttf in Resources */,
				0A07F99E2251B887004FE625 /* Action Man Extended Bold.ttf in Resources */,
				0ABAC2662207BDF200C6B792 /* LaunchScreen.storyboard in Resources */,
				0A07F9A32251B887004FE625 /* Action Man Shaded.ttf in Resources */,
				0A07F9A42251B887004FE625 /* Action Man.ttf in Resources */,
				0A07F99B2251B87F004FE625 /* Action Man Bold Italic.ttf in Resources */,
				0A07F9A02251B887004FE625 /* Action Man Extended.ttf in Resources */,
			);
			runOnlyForDeploymentPostprocessing = 0;
		};
		0ABAC26A2207BDF200C6B792 /* Resources */ = {
			isa = PBXResourcesBuildPhase;
			buildActionMask = 2147483647;
			files = (
			);
			runOnlyForDeploymentPostprocessing = 0;
		};
		0ABAC2752207BDF200C6B792 /* Resources */ = {
			isa = PBXResourcesBuildPhase;
			buildActionMask = 2147483647;
			files = (
			);
			runOnlyForDeploymentPostprocessing = 0;
		};
/* End PBXResourcesBuildPhase section */

/* Begin PBXShellScriptBuildPhase section */
		0A9111F4220E837100CB267A /* ShellScript */ = {
			isa = PBXShellScriptBuildPhase;
			buildActionMask = 2147483647;
			files = (
			);
			inputFileListPaths = (
			);
			inputPaths = (
			);
			outputFileListPaths = (
			);
			outputPaths = (
			);
			runOnlyForDeploymentPostprocessing = 0;
			shellPath = /bin/sh;
			shellScript = "# Type a script or drag a script file from your workspace to insert its path.\nif which swiftlint >/dev/null; then\nswiftlint\nelse\necho \"warning: SwiftLint not installed, download from https://github.com/realm/SwiftLint\"\nfi\n";
		};
		3E074D1B76F5E96DB3D1F09F /* [CP] Check Pods Manifest.lock */ = {
			isa = PBXShellScriptBuildPhase;
			buildActionMask = 2147483647;
			files = (
			);
			inputFileListPaths = (
			);
			inputPaths = (
				"${PODS_PODFILE_DIR_PATH}/Podfile.lock",
				"${PODS_ROOT}/Manifest.lock",
			);
			name = "[CP] Check Pods Manifest.lock";
			outputFileListPaths = (
			);
			outputPaths = (
				"$(DERIVED_FILE_DIR)/Pods-marvel-galleryUITests-checkManifestLockResult.txt",
			);
			runOnlyForDeploymentPostprocessing = 0;
			shellPath = /bin/sh;
			shellScript = "diff \"${PODS_PODFILE_DIR_PATH}/Podfile.lock\" \"${PODS_ROOT}/Manifest.lock\" > /dev/null\nif [ $? != 0 ] ; then\n    # print error to STDERR\n    echo \"error: The sandbox is not in sync with the Podfile.lock. Run 'pod install' or update your CocoaPods installation.\" >&2\n    exit 1\nfi\n# This output is used by Xcode 'outputs' to avoid re-running this script phase.\necho \"SUCCESS\" > \"${SCRIPT_OUTPUT_FILE_0}\"\n";
			showEnvVarsInLog = 0;
		};
		43CAD869308A480D002058A9 /* [CP] Check Pods Manifest.lock */ = {
			isa = PBXShellScriptBuildPhase;
			buildActionMask = 2147483647;
			files = (
			);
			inputFileListPaths = (
			);
			inputPaths = (
				"${PODS_PODFILE_DIR_PATH}/Podfile.lock",
				"${PODS_ROOT}/Manifest.lock",
			);
			name = "[CP] Check Pods Manifest.lock";
			outputFileListPaths = (
			);
			outputPaths = (
				"$(DERIVED_FILE_DIR)/Pods-marvel-galleryTests-checkManifestLockResult.txt",
			);
			runOnlyForDeploymentPostprocessing = 0;
			shellPath = /bin/sh;
			shellScript = "diff \"${PODS_PODFILE_DIR_PATH}/Podfile.lock\" \"${PODS_ROOT}/Manifest.lock\" > /dev/null\nif [ $? != 0 ] ; then\n    # print error to STDERR\n    echo \"error: The sandbox is not in sync with the Podfile.lock. Run 'pod install' or update your CocoaPods installation.\" >&2\n    exit 1\nfi\n# This output is used by Xcode 'outputs' to avoid re-running this script phase.\necho \"SUCCESS\" > \"${SCRIPT_OUTPUT_FILE_0}\"\n";
			showEnvVarsInLog = 0;
		};
		DCFF57529E920D347B1E171A /* [CP] Check Pods Manifest.lock */ = {
			isa = PBXShellScriptBuildPhase;
			buildActionMask = 2147483647;
			files = (
			);
			inputFileListPaths = (
			);
			inputPaths = (
				"${PODS_PODFILE_DIR_PATH}/Podfile.lock",
				"${PODS_ROOT}/Manifest.lock",
			);
			name = "[CP] Check Pods Manifest.lock";
			outputFileListPaths = (
			);
			outputPaths = (
				"$(DERIVED_FILE_DIR)/Pods-marvel-gallery-checkManifestLockResult.txt",
			);
			runOnlyForDeploymentPostprocessing = 0;
			shellPath = /bin/sh;
			shellScript = "diff \"${PODS_PODFILE_DIR_PATH}/Podfile.lock\" \"${PODS_ROOT}/Manifest.lock\" > /dev/null\nif [ $? != 0 ] ; then\n    # print error to STDERR\n    echo \"error: The sandbox is not in sync with the Podfile.lock. Run 'pod install' or update your CocoaPods installation.\" >&2\n    exit 1\nfi\n# This output is used by Xcode 'outputs' to avoid re-running this script phase.\necho \"SUCCESS\" > \"${SCRIPT_OUTPUT_FILE_0}\"\n";
			showEnvVarsInLog = 0;
		};
		F37CC815D36D899C47614B85 /* [CP] Embed Pods Frameworks */ = {
			isa = PBXShellScriptBuildPhase;
			buildActionMask = 2147483647;
			files = (
			);
			inputFileListPaths = (
			);
			inputPaths = (
				"${SRCROOT}/Pods/Target Support Files/Pods-marvel-gallery/Pods-marvel-gallery-frameworks.sh",
				"${BUILT_PRODUCTS_DIR}/Alamofire/Alamofire.framework",
				"${BUILT_PRODUCTS_DIR}/Shimmer/Shimmer.framework",
			);
			name = "[CP] Embed Pods Frameworks";
			outputFileListPaths = (
			);
			outputPaths = (
				"${TARGET_BUILD_DIR}/${FRAMEWORKS_FOLDER_PATH}/Alamofire.framework",
				"${TARGET_BUILD_DIR}/${FRAMEWORKS_FOLDER_PATH}/Shimmer.framework",
			);
			runOnlyForDeploymentPostprocessing = 0;
			shellPath = /bin/sh;
			shellScript = "\"${SRCROOT}/Pods/Target Support Files/Pods-marvel-gallery/Pods-marvel-gallery-frameworks.sh\"\n";
			showEnvVarsInLog = 0;
		};
/* End PBXShellScriptBuildPhase section */

/* Begin PBXSourcesBuildPhase section */
		0ABAC2542207BDEF00C6B792 /* Sources */ = {
			isa = PBXSourcesBuildPhase;
			buildActionMask = 2147483647;
			files = (
				0A507EA82279E69400DF08F6 /* CharacterCell.xib in Sources */,
				0ABAC25E2207BDEF00C6B792 /* CharactersViewController.swift in Sources */,
				0A75DB49226D36FC006A5E3D /* UIViewController.swift in Sources */,
				0ABAC25C2207BDEF00C6B792 /* AppDelegate.swift in Sources */,
				0A9BB81F226401C0001D3DF1 /* Dynamic.swift in Sources */,
				0A07F98F22519BCD004FE625 /* CharacterCell.swift in Sources */,
				0A97F1822207C8CC00537076 /* Constants.swift in Sources */,
				0A9BB81D2262D437001D3DF1 /* CharactersViewModel.swift in Sources */,
				0A97F191220D2BC300537076 /* Stories.swift in Sources */,
				0A97F1852207EDD300537076 /* BaseProvider.swift in Sources */,
				0A75DB41226D2F7B006A5E3D /* CharacterDetailViewModel.swift in Sources */,
				0A97F18B220D171E00537076 /* MarvelResponse.swift in Sources */,
				0A75DB3F226D2932006A5E3D /* CharacterDetailViewController.swift in Sources */,
				0A75DB45226D32EC006A5E3D /* UIStoryboard.swift in Sources */,
				0A9BB8182259901A001D3DF1 /* ImageProvider.swift in Sources */,
				0A97F1892209249C00537076 /* CharactersProvider.swift in Sources */,
				0A97F18D220D1CB000537076 /* Character.swift in Sources */,
				0A97F18F220D29ED00537076 /* Comics.swift in Sources */,
			);
			runOnlyForDeploymentPostprocessing = 0;
		};
		0ABAC2682207BDF200C6B792 /* Sources */ = {
			isa = PBXSourcesBuildPhase;
			buildActionMask = 2147483647;
			files = (
				0ABAC2712207BDF200C6B792 /* marvel_galleryTests.swift in Sources */,
			);
			runOnlyForDeploymentPostprocessing = 0;
		};
		0ABAC2732207BDF200C6B792 /* Sources */ = {
			isa = PBXSourcesBuildPhase;
			buildActionMask = 2147483647;
			files = (
				0ABAC27C2207BDF200C6B792 /* marvel_galleryUITests.swift in Sources */,
			);
			runOnlyForDeploymentPostprocessing = 0;
		};
/* End PBXSourcesBuildPhase section */

/* Begin PBXTargetDependency section */
		0ABAC26E2207BDF200C6B792 /* PBXTargetDependency */ = {
			isa = PBXTargetDependency;
			target = 0ABAC2572207BDEF00C6B792 /* marvel-gallery */;
			targetProxy = 0ABAC26D2207BDF200C6B792 /* PBXContainerItemProxy */;
		};
		0ABAC2792207BDF200C6B792 /* PBXTargetDependency */ = {
			isa = PBXTargetDependency;
			target = 0ABAC2572207BDEF00C6B792 /* marvel-gallery */;
			targetProxy = 0ABAC2782207BDF200C6B792 /* PBXContainerItemProxy */;
		};
/* End PBXTargetDependency section */

/* Begin PBXVariantGroup section */
		0A507EA52279E62F00DF08F6 /* Characters.storyboard */ = {
			isa = PBXVariantGroup;
			children = (
				0A507EA62279E62F00DF08F6 /* Base */,
			);
			name = Characters.storyboard;
			sourceTree = "<group>";
		};
		0ABAC2642207BDF200C6B792 /* LaunchScreen.storyboard */ = {
			isa = PBXVariantGroup;
			children = (
				0ABAC2652207BDF200C6B792 /* Base */,
			);
			name = LaunchScreen.storyboard;
			sourceTree = "<group>";
		};
/* End PBXVariantGroup section */

/* Begin XCBuildConfiguration section */
		0ABAC27E2207BDF200C6B792 /* Debug */ = {
			isa = XCBuildConfiguration;
			buildSettings = {
				ALWAYS_SEARCH_USER_PATHS = NO;
				CLANG_ANALYZER_NONNULL = YES;
				CLANG_ANALYZER_NUMBER_OBJECT_CONVERSION = YES_AGGRESSIVE;
				CLANG_CXX_LANGUAGE_STANDARD = "gnu++14";
				CLANG_CXX_LIBRARY = "libc++";
				CLANG_ENABLE_MODULES = YES;
				CLANG_ENABLE_OBJC_ARC = YES;
				CLANG_ENABLE_OBJC_WEAK = YES;
				CLANG_WARN_BLOCK_CAPTURE_AUTORELEASING = YES;
				CLANG_WARN_BOOL_CONVERSION = YES;
				CLANG_WARN_COMMA = YES;
				CLANG_WARN_CONSTANT_CONVERSION = YES;
				CLANG_WARN_DEPRECATED_OBJC_IMPLEMENTATIONS = YES;
				CLANG_WARN_DIRECT_OBJC_ISA_USAGE = YES_ERROR;
				CLANG_WARN_DOCUMENTATION_COMMENTS = YES;
				CLANG_WARN_EMPTY_BODY = YES;
				CLANG_WARN_ENUM_CONVERSION = YES;
				CLANG_WARN_INFINITE_RECURSION = YES;
				CLANG_WARN_INT_CONVERSION = YES;
				CLANG_WARN_NON_LITERAL_NULL_CONVERSION = YES;
				CLANG_WARN_OBJC_IMPLICIT_RETAIN_SELF = YES;
				CLANG_WARN_OBJC_LITERAL_CONVERSION = YES;
				CLANG_WARN_OBJC_ROOT_CLASS = YES_ERROR;
				CLANG_WARN_RANGE_LOOP_ANALYSIS = YES;
				CLANG_WARN_STRICT_PROTOTYPES = YES;
				CLANG_WARN_SUSPICIOUS_MOVE = YES;
				CLANG_WARN_UNGUARDED_AVAILABILITY = YES_AGGRESSIVE;
				CLANG_WARN_UNREACHABLE_CODE = YES;
				CLANG_WARN__DUPLICATE_METHOD_MATCH = YES;
				CODE_SIGN_IDENTITY = "iPhone Developer";
				COPY_PHASE_STRIP = NO;
				DEBUG_INFORMATION_FORMAT = dwarf;
				ENABLE_STRICT_OBJC_MSGSEND = YES;
				ENABLE_TESTABILITY = YES;
				GCC_C_LANGUAGE_STANDARD = gnu11;
				GCC_DYNAMIC_NO_PIC = NO;
				GCC_NO_COMMON_BLOCKS = YES;
				GCC_OPTIMIZATION_LEVEL = 0;
				GCC_PREPROCESSOR_DEFINITIONS = (
					"DEBUG=1",
					"$(inherited)",
				);
				GCC_WARN_64_TO_32_BIT_CONVERSION = YES;
				GCC_WARN_ABOUT_RETURN_TYPE = YES_ERROR;
				GCC_WARN_UNDECLARED_SELECTOR = YES;
				GCC_WARN_UNINITIALIZED_AUTOS = YES_AGGRESSIVE;
				GCC_WARN_UNUSED_FUNCTION = YES;
				GCC_WARN_UNUSED_VARIABLE = YES;
				IPHONEOS_DEPLOYMENT_TARGET = 12.1;
				MTL_ENABLE_DEBUG_INFO = INCLUDE_SOURCE;
				MTL_FAST_MATH = YES;
				ONLY_ACTIVE_ARCH = YES;
				SDKROOT = iphoneos;
				SWIFT_ACTIVE_COMPILATION_CONDITIONS = DEBUG;
				SWIFT_OPTIMIZATION_LEVEL = "-Onone";
			};
			name = Debug;
		};
		0ABAC27F2207BDF200C6B792 /* Release */ = {
			isa = XCBuildConfiguration;
			buildSettings = {
				ALWAYS_SEARCH_USER_PATHS = NO;
				CLANG_ANALYZER_NONNULL = YES;
				CLANG_ANALYZER_NUMBER_OBJECT_CONVERSION = YES_AGGRESSIVE;
				CLANG_CXX_LANGUAGE_STANDARD = "gnu++14";
				CLANG_CXX_LIBRARY = "libc++";
				CLANG_ENABLE_MODULES = YES;
				CLANG_ENABLE_OBJC_ARC = YES;
				CLANG_ENABLE_OBJC_WEAK = YES;
				CLANG_WARN_BLOCK_CAPTURE_AUTORELEASING = YES;
				CLANG_WARN_BOOL_CONVERSION = YES;
				CLANG_WARN_COMMA = YES;
				CLANG_WARN_CONSTANT_CONVERSION = YES;
				CLANG_WARN_DEPRECATED_OBJC_IMPLEMENTATIONS = YES;
				CLANG_WARN_DIRECT_OBJC_ISA_USAGE = YES_ERROR;
				CLANG_WARN_DOCUMENTATION_COMMENTS = YES;
				CLANG_WARN_EMPTY_BODY = YES;
				CLANG_WARN_ENUM_CONVERSION = YES;
				CLANG_WARN_INFINITE_RECURSION = YES;
				CLANG_WARN_INT_CONVERSION = YES;
				CLANG_WARN_NON_LITERAL_NULL_CONVERSION = YES;
				CLANG_WARN_OBJC_IMPLICIT_RETAIN_SELF = YES;
				CLANG_WARN_OBJC_LITERAL_CONVERSION = YES;
				CLANG_WARN_OBJC_ROOT_CLASS = YES_ERROR;
				CLANG_WARN_RANGE_LOOP_ANALYSIS = YES;
				CLANG_WARN_STRICT_PROTOTYPES = YES;
				CLANG_WARN_SUSPICIOUS_MOVE = YES;
				CLANG_WARN_UNGUARDED_AVAILABILITY = YES_AGGRESSIVE;
				CLANG_WARN_UNREACHABLE_CODE = YES;
				CLANG_WARN__DUPLICATE_METHOD_MATCH = YES;
				CODE_SIGN_IDENTITY = "iPhone Developer";
				COPY_PHASE_STRIP = NO;
				DEBUG_INFORMATION_FORMAT = "dwarf-with-dsym";
				ENABLE_NS_ASSERTIONS = NO;
				ENABLE_STRICT_OBJC_MSGSEND = YES;
				GCC_C_LANGUAGE_STANDARD = gnu11;
				GCC_NO_COMMON_BLOCKS = YES;
				GCC_WARN_64_TO_32_BIT_CONVERSION = YES;
				GCC_WARN_ABOUT_RETURN_TYPE = YES_ERROR;
				GCC_WARN_UNDECLARED_SELECTOR = YES;
				GCC_WARN_UNINITIALIZED_AUTOS = YES_AGGRESSIVE;
				GCC_WARN_UNUSED_FUNCTION = YES;
				GCC_WARN_UNUSED_VARIABLE = YES;
				IPHONEOS_DEPLOYMENT_TARGET = 12.1;
				MTL_ENABLE_DEBUG_INFO = NO;
				MTL_FAST_MATH = YES;
				SDKROOT = iphoneos;
				SWIFT_COMPILATION_MODE = wholemodule;
				SWIFT_OPTIMIZATION_LEVEL = "-O";
				VALIDATE_PRODUCT = YES;
			};
			name = Release;
		};
		0ABAC2812207BDF200C6B792 /* Debug */ = {
			isa = XCBuildConfiguration;
			baseConfigurationReference = F47D5EB6B6E1B38144A51DD8 /* Pods-marvel-gallery.debug.xcconfig */;
			buildSettings = {
				ASSETCATALOG_COMPILER_APPICON_NAME = AppIcon;
				CODE_SIGN_STYLE = Automatic;
				DEVELOPMENT_TEAM = 4A723W25N6;
				INFOPLIST_FILE = "marvel-gallery/Info.plist";
				LD_RUNPATH_SEARCH_PATHS = (
					"$(inherited)",
					"@executable_path/Frameworks",
				);
				PRODUCT_BUNDLE_IDENTIFIER = "com.ryam.marvel-gallery";
				PRODUCT_NAME = "$(TARGET_NAME)";
				SWIFT_VERSION = 5.0;
				TARGETED_DEVICE_FAMILY = "1,2";
			};
			name = Debug;
		};
		0ABAC2822207BDF200C6B792 /* Release */ = {
			isa = XCBuildConfiguration;
			baseConfigurationReference = 0D68C6132E170FE4899C4E7F /* Pods-marvel-gallery.release.xcconfig */;
			buildSettings = {
				ASSETCATALOG_COMPILER_APPICON_NAME = AppIcon;
				CODE_SIGN_STYLE = Automatic;
				DEVELOPMENT_TEAM = 4A723W25N6;
				INFOPLIST_FILE = "marvel-gallery/Info.plist";
				LD_RUNPATH_SEARCH_PATHS = (
					"$(inherited)",
					"@executable_path/Frameworks",
				);
				PRODUCT_BUNDLE_IDENTIFIER = "com.ryam.marvel-gallery";
				PRODUCT_NAME = "$(TARGET_NAME)";
				SWIFT_VERSION = 5.0;
				TARGETED_DEVICE_FAMILY = "1,2";
			};
			name = Release;
		};
		0ABAC2842207BDF200C6B792 /* Debug */ = {
			isa = XCBuildConfiguration;
			baseConfigurationReference = 6F872EAB1DEF0E54AD7DCBF0 /* Pods-marvel-galleryTests.debug.xcconfig */;
			buildSettings = {
				ALWAYS_EMBED_SWIFT_STANDARD_LIBRARIES = YES;
				BUNDLE_LOADER = "$(TEST_HOST)";
				CODE_SIGN_STYLE = Automatic;
				DEVELOPMENT_TEAM = 4A723W25N6;
				INFOPLIST_FILE = "marvel-galleryTests/Info.plist";
				LD_RUNPATH_SEARCH_PATHS = (
					"$(inherited)",
					"@executable_path/Frameworks",
					"@loader_path/Frameworks",
				);
				PRODUCT_BUNDLE_IDENTIFIER = "com.ryam.marvel-galleryTests";
				PRODUCT_NAME = "$(TARGET_NAME)";
				SWIFT_VERSION = 5.0;
				TARGETED_DEVICE_FAMILY = "1,2";
				TEST_HOST = "$(BUILT_PRODUCTS_DIR)/marvel-gallery.app/marvel-gallery";
			};
			name = Debug;
		};
		0ABAC2852207BDF200C6B792 /* Release */ = {
			isa = XCBuildConfiguration;
			baseConfigurationReference = F8A149A5C11D2975BAC6C0CE /* Pods-marvel-galleryTests.release.xcconfig */;
			buildSettings = {
				ALWAYS_EMBED_SWIFT_STANDARD_LIBRARIES = YES;
				BUNDLE_LOADER = "$(TEST_HOST)";
				CODE_SIGN_STYLE = Automatic;
				DEVELOPMENT_TEAM = 4A723W25N6;
				INFOPLIST_FILE = "marvel-galleryTests/Info.plist";
				LD_RUNPATH_SEARCH_PATHS = (
					"$(inherited)",
					"@executable_path/Frameworks",
					"@loader_path/Frameworks",
				);
				PRODUCT_BUNDLE_IDENTIFIER = "com.ryam.marvel-galleryTests";
				PRODUCT_NAME = "$(TARGET_NAME)";
				SWIFT_VERSION = 5.0;
				TARGETED_DEVICE_FAMILY = "1,2";
				TEST_HOST = "$(BUILT_PRODUCTS_DIR)/marvel-gallery.app/marvel-gallery";
			};
			name = Release;
		};
		0ABAC2872207BDF200C6B792 /* Debug */ = {
			isa = XCBuildConfiguration;
			baseConfigurationReference = 83722A15E34E5D4E8ABDA0C2 /* Pods-marvel-galleryUITests.debug.xcconfig */;
			buildSettings = {
				ALWAYS_EMBED_SWIFT_STANDARD_LIBRARIES = YES;
				CODE_SIGN_STYLE = Automatic;
				DEVELOPMENT_TEAM = 4A723W25N6;
				INFOPLIST_FILE = "marvel-galleryUITests/Info.plist";
				LD_RUNPATH_SEARCH_PATHS = (
					"$(inherited)",
					"@executable_path/Frameworks",
					"@loader_path/Frameworks",
				);
				PRODUCT_BUNDLE_IDENTIFIER = "com.ryam.marvel-galleryUITests";
				PRODUCT_NAME = "$(TARGET_NAME)";
				SWIFT_VERSION = 5.0;
				TARGETED_DEVICE_FAMILY = "1,2";
				TEST_TARGET_NAME = "marvel-gallery";
			};
			name = Debug;
		};
		0ABAC2882207BDF200C6B792 /* Release */ = {
			isa = XCBuildConfiguration;
			baseConfigurationReference = 3758C809AD1EC1A4B90D445F /* Pods-marvel-galleryUITests.release.xcconfig */;
			buildSettings = {
				ALWAYS_EMBED_SWIFT_STANDARD_LIBRARIES = YES;
				CODE_SIGN_STYLE = Automatic;
				DEVELOPMENT_TEAM = 4A723W25N6;
				INFOPLIST_FILE = "marvel-galleryUITests/Info.plist";
				LD_RUNPATH_SEARCH_PATHS = (
					"$(inherited)",
					"@executable_path/Frameworks",
					"@loader_path/Frameworks",
				);
				PRODUCT_BUNDLE_IDENTIFIER = "com.ryam.marvel-galleryUITests";
				PRODUCT_NAME = "$(TARGET_NAME)";
				SWIFT_VERSION = 5.0;
				TARGETED_DEVICE_FAMILY = "1,2";
				TEST_TARGET_NAME = "marvel-gallery";
			};
			name = Release;
		};
/* End XCBuildConfiguration section */

/* Begin XCConfigurationList section */
		0ABAC2532207BDEF00C6B792 /* Build configuration list for PBXProject "marvel-gallery" */ = {
			isa = XCConfigurationList;
			buildConfigurations = (
				0ABAC27E2207BDF200C6B792 /* Debug */,
				0ABAC27F2207BDF200C6B792 /* Release */,
			);
			defaultConfigurationIsVisible = 0;
			defaultConfigurationName = Release;
		};
		0ABAC2802207BDF200C6B792 /* Build configuration list for PBXNativeTarget "marvel-gallery" */ = {
			isa = XCConfigurationList;
			buildConfigurations = (
				0ABAC2812207BDF200C6B792 /* Debug */,
				0ABAC2822207BDF200C6B792 /* Release */,
			);
			defaultConfigurationIsVisible = 0;
			defaultConfigurationName = Release;
		};
		0ABAC2832207BDF200C6B792 /* Build configuration list for PBXNativeTarget "marvel-galleryTests" */ = {
			isa = XCConfigurationList;
			buildConfigurations = (
				0ABAC2842207BDF200C6B792 /* Debug */,
				0ABAC2852207BDF200C6B792 /* Release */,
			);
			defaultConfigurationIsVisible = 0;
			defaultConfigurationName = Release;
		};
		0ABAC2862207BDF200C6B792 /* Build configuration list for PBXNativeTarget "marvel-galleryUITests" */ = {
			isa = XCConfigurationList;
			buildConfigurations = (
				0ABAC2872207BDF200C6B792 /* Debug */,
				0ABAC2882207BDF200C6B792 /* Release */,
			);
			defaultConfigurationIsVisible = 0;
			defaultConfigurationName = Release;
		};
/* End XCConfigurationList section */
	};
	rootObject = 0ABAC2502207BDEF00C6B792 /* Project object */;
}
