// !$*UTF8*$!
{
	archiveVersion = 1;
	classes = {
	};
	objectVersion = 55;
	objects = {

/* Begin PBXBuildFile section */
		0A0285AF272EEEEC0046CCBF /* ComicsService.swift in Sources */ = {isa = PBXBuildFile; fileRef = 0A0285AE272EEEEC0046CCBF /* ComicsService.swift */; };
		0A0285B1272EF0010046CCBF /* Comic.swift in Sources */ = {isa = PBXBuildFile; fileRef = 0A0285B0272EF0010046CCBF /* Comic.swift */; };
		0A12567227179D950075EF9D /* marvel_galleryApp.swift in Sources */ = {isa = PBXBuildFile; fileRef = 0A12567127179D950075EF9D /* marvel_galleryApp.swift */; };
		0A12567627179D990075EF9D /* Assets.xcassets in Resources */ = {isa = PBXBuildFile; fileRef = 0A12567527179D990075EF9D /* Assets.xcassets */; };
		0A12567927179D990075EF9D /* Preview Assets.xcassets in Resources */ = {isa = PBXBuildFile; fileRef = 0A12567827179D990075EF9D /* Preview Assets.xcassets */; };
		0A12568327179D990075EF9D /* marvel_galleryTests.swift in Sources */ = {isa = PBXBuildFile; fileRef = 0A12568227179D990075EF9D /* marvel_galleryTests.swift */; };
		0A12568D27179D990075EF9D /* marvel_galleryUITests.swift in Sources */ = {isa = PBXBuildFile; fileRef = 0A12568C27179D990075EF9D /* marvel_galleryUITests.swift */; };
		0A12568F27179D990075EF9D /* marvel_galleryUITestsLaunchTests.swift in Sources */ = {isa = PBXBuildFile; fileRef = 0A12568E27179D990075EF9D /* marvel_galleryUITestsLaunchTests.swift */; };
		0A27FD1C272B9E72008B78AF /* SectionSeparator.swift in Sources */ = {isa = PBXBuildFile; fileRef = 0A27FD1B272B9E72008B78AF /* SectionSeparator.swift */; };
		0A27FD1E272B9F42008B78AF /* SingleLineField.swift in Sources */ = {isa = PBXBuildFile; fileRef = 0A27FD1D272B9F42008B78AF /* SingleLineField.swift */; };
		0A27FD20272BA3E3008B78AF /* MultiLineField.swift in Sources */ = {isa = PBXBuildFile; fileRef = 0A27FD1F272BA3E3008B78AF /* MultiLineField.swift */; };
		0A5DF18F2718EB6800C55F25 /* Color.swift in Sources */ = {isa = PBXBuildFile; fileRef = 0A5DF18E2718EB6800C55F25 /* Color.swift */; };
		0A5DF198271904B300C55F25 /* Heebo-Light.ttf in Resources */ = {isa = PBXBuildFile; fileRef = 0A5DF191271904B300C55F25 /* Heebo-Light.ttf */; };
		0A5DF199271904B300C55F25 /* Heebo-Black.ttf in Resources */ = {isa = PBXBuildFile; fileRef = 0A5DF192271904B300C55F25 /* Heebo-Black.ttf */; };
		0A5DF19A271904B300C55F25 /* Heebo-Bold.ttf in Resources */ = {isa = PBXBuildFile; fileRef = 0A5DF193271904B300C55F25 /* Heebo-Bold.ttf */; };
		0A5DF19B271904B300C55F25 /* Heebo-Thin.ttf in Resources */ = {isa = PBXBuildFile; fileRef = 0A5DF194271904B300C55F25 /* Heebo-Thin.ttf */; };
		0A5DF19C271904B300C55F25 /* Heebo-Regular.ttf in Resources */ = {isa = PBXBuildFile; fileRef = 0A5DF195271904B300C55F25 /* Heebo-Regular.ttf */; };
		0A5DF19D271904B300C55F25 /* Heebo-Medium.ttf in Resources */ = {isa = PBXBuildFile; fileRef = 0A5DF196271904B300C55F25 /* Heebo-Medium.ttf */; };
		0A5DF19E271904B300C55F25 /* Heebo-ExtraBold.ttf in Resources */ = {isa = PBXBuildFile; fileRef = 0A5DF197271904B300C55F25 /* Heebo-ExtraBold.ttf */; };
		0A5DF1A127190C3E00C55F25 /* Font.swift in Sources */ = {isa = PBXBuildFile; fileRef = 0A5DF1A027190C3E00C55F25 /* Font.swift */; };
		0A5DF1A5271927F200C55F25 /* UIFont.swift in Sources */ = {isa = PBXBuildFile; fileRef = 0A5DF1A4271927F200C55F25 /* UIFont.swift */; };
		0A5DF1AD27192BDE00C55F25 /* Localizable.strings in Resources */ = {isa = PBXBuildFile; fileRef = 0A5DF1AC27192BDE00C55F25 /* Localizable.strings */; };
		0A5DF1B2271A250B00C55F25 /* L10n.swift in Sources */ = {isa = PBXBuildFile; fileRef = 0A5DF1B1271A250B00C55F25 /* L10n.swift */; };
		0A5DF1B4271A2C7000C55F25 /* Marvel-Regular.ttf in Resources */ = {isa = PBXBuildFile; fileRef = 0A5DF1B3271A2C6C00C55F25 /* Marvel-Regular.ttf */; };
		0A5DF1B6271A385B00C55F25 /* UINavigationController.swift in Sources */ = {isa = PBXBuildFile; fileRef = 0A5DF1B5271A385B00C55F25 /* UINavigationController.swift */; };
		0A5DF1BC271A3DA400C55F25 /* CharactersView.swift in Sources */ = {isa = PBXBuildFile; fileRef = 0A12567327179D950075EF9D /* CharactersView.swift */; };
		0A5DF1BE271B214A00C55F25 /* CharactersService.swift in Sources */ = {isa = PBXBuildFile; fileRef = 0A5DF1BD271B214A00C55F25 /* CharactersService.swift */; };
		0A5DF1C1271B293E00C55F25 /* Connection.swift in Sources */ = {isa = PBXBuildFile; fileRef = 0A5DF1C0271B293E00C55F25 /* Connection.swift */; };
		0AA554F3271B7383009F1BF9 /* BaseService.swift in Sources */ = {isa = PBXBuildFile; fileRef = 0AA554F2271B7383009F1BF9 /* BaseService.swift */; };
		0AA554F6271B7747009F1BF9 /* Character.swift in Sources */ = {isa = PBXBuildFile; fileRef = 0AA554F5271B7747009F1BF9 /* Character.swift */; };
		0AA554F9271B77E5009F1BF9 /* Models.swift in Sources */ = {isa = PBXBuildFile; fileRef = 0AA554F8271B77E5009F1BF9 /* Models.swift */; };
		0AA554FE271BBCD7009F1BF9 /* CharactersViewModel.swift in Sources */ = {isa = PBXBuildFile; fileRef = 0AA554FD271BBCD7009F1BF9 /* CharactersViewModel.swift */; };
		0AA55501271BC9C7009F1BF9 /* CharactersUseCase.swift in Sources */ = {isa = PBXBuildFile; fileRef = 0AA55500271BC9C7009F1BF9 /* CharactersUseCase.swift */; };
		0AA55504271C001B009F1BF9 /* ImageLoaderService.swift in Sources */ = {isa = PBXBuildFile; fileRef = 0AA55503271C001B009F1BF9 /* ImageLoaderService.swift */; };
		0AA55506271CE1D0009F1BF9 /* ActivityIndicator.swift in Sources */ = {isa = PBXBuildFile; fileRef = 0AA55505271CE1CF009F1BF9 /* ActivityIndicator.swift */; };
		0AA55508271D0068009F1BF9 /* CharacterDetailView.swift in Sources */ = {isa = PBXBuildFile; fileRef = 0AA55507271D0068009F1BF9 /* CharacterDetailView.swift */; };
		0AA8491A271D10770018B2E6 /* ImageLoaderViewModel.swift in Sources */ = {isa = PBXBuildFile; fileRef = 0AA84919271D10770018B2E6 /* ImageLoaderViewModel.swift */; };
		0AA8491C271D10970018B2E6 /* ImageLoaderUseCase.swift in Sources */ = {isa = PBXBuildFile; fileRef = 0AA8491B271D10970018B2E6 /* ImageLoaderUseCase.swift */; };
		0AA8491E271DB1C50018B2E6 /* CharacterDetailViewModel.swift in Sources */ = {isa = PBXBuildFile; fileRef = 0AA8491D271DB1C50018B2E6 /* CharacterDetailViewModel.swift */; };
		0AA84920271DCC6A0018B2E6 /* Array.swift in Sources */ = {isa = PBXBuildFile; fileRef = 0AA8491F271DCC6A0018B2E6 /* Array.swift */; };
		0AA84922271E327F0018B2E6 /* String.swift in Sources */ = {isa = PBXBuildFile; fileRef = 0AA84921271E327F0018B2E6 /* String.swift */; };
		1F84C79636375ACCE9604902 /* Pods_marvel_gallery.framework in Frameworks */ = {isa = PBXBuildFile; fileRef = 9CD7847B32F8DAEEF311222E /* Pods_marvel_gallery.framework */; };
		2461DF2BC67EF2498EE1F2A1 /* Pods_marvel_gallery_marvel_galleryUITests.framework in Frameworks */ = {isa = PBXBuildFile; fileRef = 05C957B09AF415FAD3355F46 /* Pods_marvel_gallery_marvel_galleryUITests.framework */; };
		FE422611243DFC9763D6787A /* Pods_marvel_galleryTests.framework in Frameworks */ = {isa = PBXBuildFile; fileRef = 44F00EA62762FF569F370A9C /* Pods_marvel_galleryTests.framework */; };
/* End PBXBuildFile section */

/* Begin PBXContainerItemProxy section */
		0A12567F27179D990075EF9D /* PBXContainerItemProxy */ = {
			isa = PBXContainerItemProxy;
			containerPortal = 0A12566627179D950075EF9D /* Project object */;
			proxyType = 1;
			remoteGlobalIDString = 0A12566D27179D950075EF9D;
			remoteInfo = "marvel-gallery";
		};
		0A12568927179D990075EF9D /* PBXContainerItemProxy */ = {
			isa = PBXContainerItemProxy;
			containerPortal = 0A12566627179D950075EF9D /* Project object */;
			proxyType = 1;
			remoteGlobalIDString = 0A12566D27179D950075EF9D;
			remoteInfo = "marvel-gallery";
		};
/* End PBXContainerItemProxy section */

/* Begin PBXFileReference section */
		05C957B09AF415FAD3355F46 /* Pods_marvel_gallery_marvel_galleryUITests.framework */ = {isa = PBXFileReference; explicitFileType = wrapper.framework; includeInIndex = 0; path = Pods_marvel_gallery_marvel_galleryUITests.framework; sourceTree = BUILT_PRODUCTS_DIR; };
		062FB62D9759C1352A1A0371 /* Pods-marvel-galleryTests.release.xcconfig */ = {isa = PBXFileReference; includeInIndex = 1; lastKnownFileType = text.xcconfig; name = "Pods-marvel-galleryTests.release.xcconfig"; path = "Target Support Files/Pods-marvel-galleryTests/Pods-marvel-galleryTests.release.xcconfig"; sourceTree = "<group>"; };
		0A0285AE272EEEEC0046CCBF /* ComicsService.swift */ = {isa = PBXFileReference; lastKnownFileType = sourcecode.swift; path = ComicsService.swift; sourceTree = "<group>"; };
		0A0285B0272EF0010046CCBF /* Comic.swift */ = {isa = PBXFileReference; lastKnownFileType = sourcecode.swift; path = Comic.swift; sourceTree = "<group>"; };
		0A12566E27179D950075EF9D /* marvel-gallery.app */ = {isa = PBXFileReference; explicitFileType = wrapper.application; includeInIndex = 0; path = "marvel-gallery.app"; sourceTree = BUILT_PRODUCTS_DIR; };
		0A12567127179D950075EF9D /* marvel_galleryApp.swift */ = {isa = PBXFileReference; lastKnownFileType = sourcecode.swift; path = marvel_galleryApp.swift; sourceTree = "<group>"; };
		0A12567327179D950075EF9D /* CharactersView.swift */ = {isa = PBXFileReference; lastKnownFileType = sourcecode.swift; path = CharactersView.swift; sourceTree = "<group>"; };
		0A12567527179D990075EF9D /* Assets.xcassets */ = {isa = PBXFileReference; lastKnownFileType = folder.assetcatalog; path = Assets.xcassets; sourceTree = "<group>"; };
		0A12567827179D990075EF9D /* Preview Assets.xcassets */ = {isa = PBXFileReference; lastKnownFileType = folder.assetcatalog; path = "Preview Assets.xcassets"; sourceTree = "<group>"; };
		0A12567E27179D990075EF9D /* marvel-galleryTests.xctest */ = {isa = PBXFileReference; explicitFileType = wrapper.cfbundle; includeInIndex = 0; path = "marvel-galleryTests.xctest"; sourceTree = BUILT_PRODUCTS_DIR; };
		0A12568227179D990075EF9D /* marvel_galleryTests.swift */ = {isa = PBXFileReference; lastKnownFileType = sourcecode.swift; path = marvel_galleryTests.swift; sourceTree = "<group>"; };
		0A12568827179D990075EF9D /* marvel-galleryUITests.xctest */ = {isa = PBXFileReference; explicitFileType = wrapper.cfbundle; includeInIndex = 0; path = "marvel-galleryUITests.xctest"; sourceTree = BUILT_PRODUCTS_DIR; };
		0A12568C27179D990075EF9D /* marvel_galleryUITests.swift */ = {isa = PBXFileReference; lastKnownFileType = sourcecode.swift; path = marvel_galleryUITests.swift; sourceTree = "<group>"; };
		0A12568E27179D990075EF9D /* marvel_galleryUITestsLaunchTests.swift */ = {isa = PBXFileReference; lastKnownFileType = sourcecode.swift; path = marvel_galleryUITestsLaunchTests.swift; sourceTree = "<group>"; };
		0A27FD1B272B9E72008B78AF /* SectionSeparator.swift */ = {isa = PBXFileReference; lastKnownFileType = sourcecode.swift; path = SectionSeparator.swift; sourceTree = "<group>"; };
		0A27FD1D272B9F42008B78AF /* SingleLineField.swift */ = {isa = PBXFileReference; lastKnownFileType = sourcecode.swift; path = SingleLineField.swift; sourceTree = "<group>"; };
		0A27FD1F272BA3E3008B78AF /* MultiLineField.swift */ = {isa = PBXFileReference; lastKnownFileType = sourcecode.swift; path = MultiLineField.swift; sourceTree = "<group>"; };
		0A5DF18E2718EB6800C55F25 /* Color.swift */ = {isa = PBXFileReference; lastKnownFileType = sourcecode.swift; path = Color.swift; sourceTree = "<group>"; };
		0A5DF191271904B300C55F25 /* Heebo-Light.ttf */ = {isa = PBXFileReference; lastKnownFileType = file; path = "Heebo-Light.ttf"; sourceTree = "<group>"; };
		0A5DF192271904B300C55F25 /* Heebo-Black.ttf */ = {isa = PBXFileReference; lastKnownFileType = file; path = "Heebo-Black.ttf"; sourceTree = "<group>"; };
		0A5DF193271904B300C55F25 /* Heebo-Bold.ttf */ = {isa = PBXFileReference; lastKnownFileType = file; path = "Heebo-Bold.ttf"; sourceTree = "<group>"; };
		0A5DF194271904B300C55F25 /* Heebo-Thin.ttf */ = {isa = PBXFileReference; lastKnownFileType = file; path = "Heebo-Thin.ttf"; sourceTree = "<group>"; };
		0A5DF195271904B300C55F25 /* Heebo-Regular.ttf */ = {isa = PBXFileReference; lastKnownFileType = file; path = "Heebo-Regular.ttf"; sourceTree = "<group>"; };
		0A5DF196271904B300C55F25 /* Heebo-Medium.ttf */ = {isa = PBXFileReference; lastKnownFileType = file; path = "Heebo-Medium.ttf"; sourceTree = "<group>"; };
		0A5DF197271904B300C55F25 /* Heebo-ExtraBold.ttf */ = {isa = PBXFileReference; lastKnownFileType = file; path = "Heebo-ExtraBold.ttf"; sourceTree = "<group>"; };
		0A5DF19F2719075B00C55F25 /* Info.plist */ = {isa = PBXFileReference; lastKnownFileType = text.plist; path = Info.plist; sourceTree = "<group>"; };
		0A5DF1A027190C3E00C55F25 /* Font.swift */ = {isa = PBXFileReference; lastKnownFileType = sourcecode.swift; path = Font.swift; sourceTree = "<group>"; };
		0A5DF1A4271927F200C55F25 /* UIFont.swift */ = {isa = PBXFileReference; lastKnownFileType = sourcecode.swift; path = UIFont.swift; sourceTree = "<group>"; };
		0A5DF1AC27192BDE00C55F25 /* Localizable.strings */ = {isa = PBXFileReference; lastKnownFileType = text.plist.strings; path = Localizable.strings; sourceTree = "<group>"; };
		0A5DF1B1271A250B00C55F25 /* L10n.swift */ = {isa = PBXFileReference; lastKnownFileType = sourcecode.swift; path = L10n.swift; sourceTree = "<group>"; };
		0A5DF1B3271A2C6C00C55F25 /* Marvel-Regular.ttf */ = {isa = PBXFileReference; lastKnownFileType = file; path = "Marvel-Regular.ttf"; sourceTree = "<group>"; };
		0A5DF1B5271A385B00C55F25 /* UINavigationController.swift */ = {isa = PBXFileReference; lastKnownFileType = sourcecode.swift; path = UINavigationController.swift; sourceTree = "<group>"; };
		0A5DF1BD271B214A00C55F25 /* CharactersService.swift */ = {isa = PBXFileReference; lastKnownFileType = sourcecode.swift; path = CharactersService.swift; sourceTree = "<group>"; };
		0A5DF1C0271B293E00C55F25 /* Connection.swift */ = {isa = PBXFileReference; lastKnownFileType = sourcecode.swift; path = Connection.swift; sourceTree = "<group>"; };
		0AA554F2271B7383009F1BF9 /* BaseService.swift */ = {isa = PBXFileReference; lastKnownFileType = sourcecode.swift; path = BaseService.swift; sourceTree = "<group>"; };
		0AA554F5271B7747009F1BF9 /* Character.swift */ = {isa = PBXFileReference; lastKnownFileType = sourcecode.swift; path = Character.swift; sourceTree = "<group>"; };
		0AA554F8271B77E5009F1BF9 /* Models.swift */ = {isa = PBXFileReference; lastKnownFileType = sourcecode.swift; path = Models.swift; sourceTree = "<group>"; };
		0AA554FD271BBCD7009F1BF9 /* CharactersViewModel.swift */ = {isa = PBXFileReference; lastKnownFileType = sourcecode.swift; path = CharactersViewModel.swift; sourceTree = "<group>"; };
		0AA55500271BC9C7009F1BF9 /* CharactersUseCase.swift */ = {isa = PBXFileReference; lastKnownFileType = sourcecode.swift; path = CharactersUseCase.swift; sourceTree = "<group>"; };
		0AA55503271C001B009F1BF9 /* ImageLoaderService.swift */ = {isa = PBXFileReference; lastKnownFileType = sourcecode.swift; path = ImageLoaderService.swift; sourceTree = "<group>"; };
		0AA55505271CE1CF009F1BF9 /* ActivityIndicator.swift */ = {isa = PBXFileReference; lastKnownFileType = sourcecode.swift; path = ActivityIndicator.swift; sourceTree = "<group>"; };
		0AA55507271D0068009F1BF9 /* CharacterDetailView.swift */ = {isa = PBXFileReference; lastKnownFileType = sourcecode.swift; path = CharacterDetailView.swift; sourceTree = "<group>"; };
		0AA84919271D10770018B2E6 /* ImageLoaderViewModel.swift */ = {isa = PBXFileReference; lastKnownFileType = sourcecode.swift; path = ImageLoaderViewModel.swift; sourceTree = "<group>"; };
		0AA8491B271D10970018B2E6 /* ImageLoaderUseCase.swift */ = {isa = PBXFileReference; lastKnownFileType = sourcecode.swift; path = ImageLoaderUseCase.swift; sourceTree = "<group>"; };
		0AA8491D271DB1C50018B2E6 /* CharacterDetailViewModel.swift */ = {isa = PBXFileReference; lastKnownFileType = sourcecode.swift; path = CharacterDetailViewModel.swift; sourceTree = "<group>"; };
		0AA8491F271DCC6A0018B2E6 /* Array.swift */ = {isa = PBXFileReference; lastKnownFileType = sourcecode.swift; path = Array.swift; sourceTree = "<group>"; };
		0AA84921271E327F0018B2E6 /* String.swift */ = {isa = PBXFileReference; lastKnownFileType = sourcecode.swift; path = String.swift; sourceTree = "<group>"; };
		0D247701985FD8FE6A716162 /* Pods-marvel-galleryTests.debug.xcconfig */ = {isa = PBXFileReference; includeInIndex = 1; lastKnownFileType = text.xcconfig; name = "Pods-marvel-galleryTests.debug.xcconfig"; path = "Target Support Files/Pods-marvel-galleryTests/Pods-marvel-galleryTests.debug.xcconfig"; sourceTree = "<group>"; };
		1513C809C5F8FEC77DF9FBC8 /* Pods-marvel-gallery.release.xcconfig */ = {isa = PBXFileReference; includeInIndex = 1; lastKnownFileType = text.xcconfig; name = "Pods-marvel-gallery.release.xcconfig"; path = "Target Support Files/Pods-marvel-gallery/Pods-marvel-gallery.release.xcconfig"; sourceTree = "<group>"; };
		44F00EA62762FF569F370A9C /* Pods_marvel_galleryTests.framework */ = {isa = PBXFileReference; explicitFileType = wrapper.framework; includeInIndex = 0; path = Pods_marvel_galleryTests.framework; sourceTree = BUILT_PRODUCTS_DIR; };
		4E5EEE768C76C772C1121D6B /* Pods-marvel-gallery-marvel-galleryUITests.debug.xcconfig */ = {isa = PBXFileReference; includeInIndex = 1; lastKnownFileType = text.xcconfig; name = "Pods-marvel-gallery-marvel-galleryUITests.debug.xcconfig"; path = "Target Support Files/Pods-marvel-gallery-marvel-galleryUITests/Pods-marvel-gallery-marvel-galleryUITests.debug.xcconfig"; sourceTree = "<group>"; };
		70CB83182F521FC8BE345100 /* Pods-marvel-gallery.debug.xcconfig */ = {isa = PBXFileReference; includeInIndex = 1; lastKnownFileType = text.xcconfig; name = "Pods-marvel-gallery.debug.xcconfig"; path = "Target Support Files/Pods-marvel-gallery/Pods-marvel-gallery.debug.xcconfig"; sourceTree = "<group>"; };
		9CD7847B32F8DAEEF311222E /* Pods_marvel_gallery.framework */ = {isa = PBXFileReference; explicitFileType = wrapper.framework; includeInIndex = 0; path = Pods_marvel_gallery.framework; sourceTree = BUILT_PRODUCTS_DIR; };
		D9822C2D70534ED69DBB1F0F /* Pods-marvel-gallery-marvel-galleryUITests.release.xcconfig */ = {isa = PBXFileReference; includeInIndex = 1; lastKnownFileType = text.xcconfig; name = "Pods-marvel-gallery-marvel-galleryUITests.release.xcconfig"; path = "Target Support Files/Pods-marvel-gallery-marvel-galleryUITests/Pods-marvel-gallery-marvel-galleryUITests.release.xcconfig"; sourceTree = "<group>"; };
/* End PBXFileReference section */

/* Begin PBXFrameworksBuildPhase section */
		0A12566B27179D950075EF9D /* Frameworks */ = {
			isa = PBXFrameworksBuildPhase;
			buildActionMask = 2147483647;
			files = (
				1F84C79636375ACCE9604902 /* Pods_marvel_gallery.framework in Frameworks */,
			);
			runOnlyForDeploymentPostprocessing = 0;
		};
		0A12567B27179D990075EF9D /* Frameworks */ = {
			isa = PBXFrameworksBuildPhase;
			buildActionMask = 2147483647;
			files = (
				FE422611243DFC9763D6787A /* Pods_marvel_galleryTests.framework in Frameworks */,
			);
			runOnlyForDeploymentPostprocessing = 0;
		};
		0A12568527179D990075EF9D /* Frameworks */ = {
			isa = PBXFrameworksBuildPhase;
			buildActionMask = 2147483647;
			files = (
				2461DF2BC67EF2498EE1F2A1 /* Pods_marvel_gallery_marvel_galleryUITests.framework in Frameworks */,
			);
			runOnlyForDeploymentPostprocessing = 0;
		};
/* End PBXFrameworksBuildPhase section */

/* Begin PBXGroup section */
		06ABC582D629B0E6BA029BEA /* Pods */ = {
			isa = PBXGroup;
			children = (
				70CB83182F521FC8BE345100 /* Pods-marvel-gallery.debug.xcconfig */,
				1513C809C5F8FEC77DF9FBC8 /* Pods-marvel-gallery.release.xcconfig */,
				4E5EEE768C76C772C1121D6B /* Pods-marvel-gallery-marvel-galleryUITests.debug.xcconfig */,
				D9822C2D70534ED69DBB1F0F /* Pods-marvel-gallery-marvel-galleryUITests.release.xcconfig */,
				0D247701985FD8FE6A716162 /* Pods-marvel-galleryTests.debug.xcconfig */,
				062FB62D9759C1352A1A0371 /* Pods-marvel-galleryTests.release.xcconfig */,
			);
			path = Pods;
			sourceTree = "<group>";
		};
		0A0285AD272EEED90046CCBF /* Comics */ = {
			isa = PBXGroup;
			children = (
				0A0285AE272EEEEC0046CCBF /* ComicsService.swift */,
				0A0285B0272EF0010046CCBF /* Comic.swift */,
			);
			path = Comics;
			sourceTree = "<group>";
		};
		0A12566527179D950075EF9D = {
			isa = PBXGroup;
			children = (
				0A12567027179D950075EF9D /* marvel-gallery */,
				0A12568127179D990075EF9D /* marvel-galleryTests */,
				0A12568B27179D990075EF9D /* marvel-galleryUITests */,
				0A12566F27179D950075EF9D /* Products */,
				06ABC582D629B0E6BA029BEA /* Pods */,
				4F39ED818CC252EAC4E979E3 /* Frameworks */,
			);
			sourceTree = "<group>";
		};
		0A12566F27179D950075EF9D /* Products */ = {
			isa = PBXGroup;
			children = (
				0A12566E27179D950075EF9D /* marvel-gallery.app */,
				0A12567E27179D990075EF9D /* marvel-galleryTests.xctest */,
				0A12568827179D990075EF9D /* marvel-galleryUITests.xctest */,
			);
			name = Products;
			sourceTree = "<group>";
		};
		0A12567027179D950075EF9D /* marvel-gallery */ = {
			isa = PBXGroup;
			children = (
				0A5DF1BB271A3D4700C55F25 /* Resources */,
				0A5DF1B9271A3D0E00C55F25 /* Infrastructure */,
				0A5DF1B8271A3CEC00C55F25 /* Features */,
				0A5DF1A627192B5C00C55F25 /* Support Files */,
				0A5DF19F2719075B00C55F25 /* Info.plist */,
				0A12567127179D950075EF9D /* marvel_galleryApp.swift */,
				0A12567527179D990075EF9D /* Assets.xcassets */,
				0A12567727179D990075EF9D /* Preview Content */,
			);
			path = "marvel-gallery";
			sourceTree = "<group>";
		};
		0A12567727179D990075EF9D /* Preview Content */ = {
			isa = PBXGroup;
			children = (
				0A12567827179D990075EF9D /* Preview Assets.xcassets */,
			);
			path = "Preview Content";
			sourceTree = "<group>";
		};
		0A12568127179D990075EF9D /* marvel-galleryTests */ = {
			isa = PBXGroup;
			children = (
				0A12568227179D990075EF9D /* marvel_galleryTests.swift */,
			);
			path = "marvel-galleryTests";
			sourceTree = "<group>";
		};
		0A12568B27179D990075EF9D /* marvel-galleryUITests */ = {
			isa = PBXGroup;
			children = (
				0A12568C27179D990075EF9D /* marvel_galleryUITests.swift */,
				0A12568E27179D990075EF9D /* marvel_galleryUITestsLaunchTests.swift */,
			);
			path = "marvel-galleryUITests";
			sourceTree = "<group>";
		};
		0A27FD1A272B9E5E008B78AF /* Components */ = {
			isa = PBXGroup;
			children = (
				0A27FD1B272B9E72008B78AF /* SectionSeparator.swift */,
				0A27FD1D272B9F42008B78AF /* SingleLineField.swift */,
				0A27FD1F272BA3E3008B78AF /* MultiLineField.swift */,
			);
			path = Components;
			sourceTree = "<group>";
		};
		0A5DF18D2718EB4900C55F25 /* Extensions */ = {
			isa = PBXGroup;
			children = (
				0A5DF18E2718EB6800C55F25 /* Color.swift */,
				0A5DF1A027190C3E00C55F25 /* Font.swift */,
				0A5DF1A4271927F200C55F25 /* UIFont.swift */,
				0A5DF1B5271A385B00C55F25 /* UINavigationController.swift */,
				0AA8491F271DCC6A0018B2E6 /* Array.swift */,
				0AA84921271E327F0018B2E6 /* String.swift */,
			);
			path = Extensions;
			sourceTree = "<group>";
		};
		0A5DF1902719047700C55F25 /* Heebo */ = {
			isa = PBXGroup;
			children = (
				0A5DF192271904B300C55F25 /* Heebo-Black.ttf */,
				0A5DF193271904B300C55F25 /* Heebo-Bold.ttf */,
				0A5DF197271904B300C55F25 /* Heebo-ExtraBold.ttf */,
				0A5DF191271904B300C55F25 /* Heebo-Light.ttf */,
				0A5DF196271904B300C55F25 /* Heebo-Medium.ttf */,
				0A5DF195271904B300C55F25 /* Heebo-Regular.ttf */,
				0A5DF194271904B300C55F25 /* Heebo-Thin.ttf */,
			);
			path = Heebo;
			sourceTree = "<group>";
		};
		0A5DF1A627192B5C00C55F25 /* Support Files */ = {
			isa = PBXGroup;
			children = (
				0A5DF1AC27192BDE00C55F25 /* Localizable.strings */,
				0A5DF1B1271A250B00C55F25 /* L10n.swift */,
			);
			path = "Support Files";
			sourceTree = "<group>";
		};
		0A5DF1AE271A227D00C55F25 /* Marvel */ = {
			isa = PBXGroup;
			children = (
				0A5DF1B3271A2C6C00C55F25 /* Marvel-Regular.ttf */,
			);
			path = Marvel;
			sourceTree = "<group>";
		};
		0A5DF1B7271A3CDC00C55F25 /* Characters */ = {
			isa = PBXGroup;
			children = (
				0AA55500271BC9C7009F1BF9 /* CharactersUseCase.swift */,
				0AA554FD271BBCD7009F1BF9 /* CharactersViewModel.swift */,
				0A12567327179D950075EF9D /* CharactersView.swift */,
				0AA55507271D0068009F1BF9 /* CharacterDetailView.swift */,
				0AA8491D271DB1C50018B2E6 /* CharacterDetailViewModel.swift */,
				0A5DF1BD271B214A00C55F25 /* CharactersService.swift */,
				0AA554F5271B7747009F1BF9 /* Character.swift */,
			);
			path = Characters;
			sourceTree = "<group>";
		};
		0A5DF1B8271A3CEC00C55F25 /* Features */ = {
			isa = PBXGroup;
			children = (
				0A0285AD272EEED90046CCBF /* Comics */,
				0AA554F7271B779F009F1BF9 /* Common */,
				0A5DF1B7271A3CDC00C55F25 /* Characters */,
			);
			path = Features;
			sourceTree = "<group>";
		};
		0A5DF1B9271A3D0E00C55F25 /* Infrastructure */ = {
			isa = PBXGroup;
			children = (
				0A5DF18D2718EB4900C55F25 /* Extensions */,
			);
			path = Infrastructure;
			sourceTree = "<group>";
		};
		0A5DF1BA271A3D3C00C55F25 /* Fonts */ = {
			isa = PBXGroup;
			children = (
				0A5DF1902719047700C55F25 /* Heebo */,
				0A5DF1AE271A227D00C55F25 /* Marvel */,
			);
			path = Fonts;
			sourceTree = "<group>";
		};
		0A5DF1BB271A3D4700C55F25 /* Resources */ = {
			isa = PBXGroup;
			children = (
				0A5DF1BA271A3D3C00C55F25 /* Fonts */,
			);
			path = Resources;
			sourceTree = "<group>";
		};
		0AA554F7271B779F009F1BF9 /* Common */ = {
			isa = PBXGroup;
			children = (
				0A27FD1A272B9E5E008B78AF /* Components */,
				0AA84918271D105F0018B2E6 /* ImageLoader */,
				0A5DF1C0271B293E00C55F25 /* Connection.swift */,
				0AA554F2271B7383009F1BF9 /* BaseService.swift */,
				0AA554F8271B77E5009F1BF9 /* Models.swift */,
				0AA55505271CE1CF009F1BF9 /* ActivityIndicator.swift */,
			);
			path = Common;
			sourceTree = "<group>";
		};
		0AA84918271D105F0018B2E6 /* ImageLoader */ = {
			isa = PBXGroup;
			children = (
				0AA55503271C001B009F1BF9 /* ImageLoaderService.swift */,
				0AA84919271D10770018B2E6 /* ImageLoaderViewModel.swift */,
				0AA8491B271D10970018B2E6 /* ImageLoaderUseCase.swift */,
			);
			path = ImageLoader;
			sourceTree = "<group>";
		};
		4F39ED818CC252EAC4E979E3 /* Frameworks */ = {
			isa = PBXGroup;
			children = (
				9CD7847B32F8DAEEF311222E /* Pods_marvel_gallery.framework */,
				05C957B09AF415FAD3355F46 /* Pods_marvel_gallery_marvel_galleryUITests.framework */,
				44F00EA62762FF569F370A9C /* Pods_marvel_galleryTests.framework */,
			);
			name = Frameworks;
			sourceTree = "<group>";
		};
/* End PBXGroup section */

/* Begin PBXNativeTarget section */
		0A12566D27179D950075EF9D /* marvel-gallery */ = {
			isa = PBXNativeTarget;
			buildConfigurationList = 0A12569227179D990075EF9D /* Build configuration list for PBXNativeTarget "marvel-gallery" */;
			buildPhases = (
				D196367BE738A0D737DD1AA5 /* [CP] Check Pods Manifest.lock */,
				0A12566A27179D950075EF9D /* Sources */,
				0A12566B27179D950075EF9D /* Frameworks */,
				0A12566C27179D950075EF9D /* Resources */,
				DC7C3215837A405EDE0B9B48 /* [CP] Embed Pods Frameworks */,
				0AA55502271BD027009F1BF9 /* ShellScript */,
			);
			buildRules = (
			);
			dependencies = (
			);
			name = "marvel-gallery";
			productName = "marvel-gallery";
			productReference = 0A12566E27179D950075EF9D /* marvel-gallery.app */;
			productType = "com.apple.product-type.application";
		};
		0A12567D27179D990075EF9D /* marvel-galleryTests */ = {
			isa = PBXNativeTarget;
			buildConfigurationList = 0A12569527179D990075EF9D /* Build configuration list for PBXNativeTarget "marvel-galleryTests" */;
			buildPhases = (
				B696D2CB988AAD9DC71F72ED /* [CP] Check Pods Manifest.lock */,
				0A12567A27179D990075EF9D /* Sources */,
				0A12567B27179D990075EF9D /* Frameworks */,
				0A12567C27179D990075EF9D /* Resources */,
			);
			buildRules = (
			);
			dependencies = (
				0A12568027179D990075EF9D /* PBXTargetDependency */,
			);
			name = "marvel-galleryTests";
			productName = "marvel-galleryTests";
			productReference = 0A12567E27179D990075EF9D /* marvel-galleryTests.xctest */;
			productType = "com.apple.product-type.bundle.unit-test";
		};
		0A12568727179D990075EF9D /* marvel-galleryUITests */ = {
			isa = PBXNativeTarget;
			buildConfigurationList = 0A12569827179D990075EF9D /* Build configuration list for PBXNativeTarget "marvel-galleryUITests" */;
			buildPhases = (
				FACAB001E077A06451218346 /* [CP] Check Pods Manifest.lock */,
				0A12568427179D990075EF9D /* Sources */,
				0A12568527179D990075EF9D /* Frameworks */,
				0A12568627179D990075EF9D /* Resources */,
				AAFA88108ECA240926D41E8F /* [CP] Embed Pods Frameworks */,
			);
			buildRules = (
			);
			dependencies = (
				0A12568A27179D990075EF9D /* PBXTargetDependency */,
			);
			name = "marvel-galleryUITests";
			productName = "marvel-galleryUITests";
			productReference = 0A12568827179D990075EF9D /* marvel-galleryUITests.xctest */;
			productType = "com.apple.product-type.bundle.ui-testing";
		};
/* End PBXNativeTarget section */

/* Begin PBXProject section */
		0A12566627179D950075EF9D /* Project object */ = {
			isa = PBXProject;
			attributes = {
				BuildIndependentTargetsInParallel = 1;
				LastSwiftUpdateCheck = 1300;
				LastUpgradeCheck = 1300;
				TargetAttributes = {
					0A12566D27179D950075EF9D = {
						CreatedOnToolsVersion = 13.0;
					};
					0A12567D27179D990075EF9D = {
						CreatedOnToolsVersion = 13.0;
						TestTargetID = 0A12566D27179D950075EF9D;
					};
					0A12568727179D990075EF9D = {
						CreatedOnToolsVersion = 13.0;
						TestTargetID = 0A12566D27179D950075EF9D;
					};
				};
			};
			buildConfigurationList = 0A12566927179D950075EF9D /* Build configuration list for PBXProject "marvel-gallery" */;
			compatibilityVersion = "Xcode 13.0";
			developmentRegion = en;
			hasScannedForEncodings = 0;
			knownRegions = (
				en,
				Base,
			);
			mainGroup = 0A12566527179D950075EF9D;
			productRefGroup = 0A12566F27179D950075EF9D /* Products */;
			projectDirPath = "";
			projectRoot = "";
			targets = (
				0A12566D27179D950075EF9D /* marvel-gallery */,
				0A12567D27179D990075EF9D /* marvel-galleryTests */,
				0A12568727179D990075EF9D /* marvel-galleryUITests */,
			);
		};
/* End PBXProject section */

/* Begin PBXResourcesBuildPhase section */
		0A12566C27179D950075EF9D /* Resources */ = {
			isa = PBXResourcesBuildPhase;
			buildActionMask = 2147483647;
			files = (
				0A5DF199271904B300C55F25 /* Heebo-Black.ttf in Resources */,
				0A12567927179D990075EF9D /* Preview Assets.xcassets in Resources */,
				0A5DF19A271904B300C55F25 /* Heebo-Bold.ttf in Resources */,
				0A5DF198271904B300C55F25 /* Heebo-Light.ttf in Resources */,
				0A12567627179D990075EF9D /* Assets.xcassets in Resources */,
				0A5DF1AD27192BDE00C55F25 /* Localizable.strings in Resources */,
				0A5DF19D271904B300C55F25 /* Heebo-Medium.ttf in Resources */,
				0A5DF19B271904B300C55F25 /* Heebo-Thin.ttf in Resources */,
				0A5DF19E271904B300C55F25 /* Heebo-ExtraBold.ttf in Resources */,
				0A5DF1B4271A2C7000C55F25 /* Marvel-Regular.ttf in Resources */,
				0A5DF19C271904B300C55F25 /* Heebo-Regular.ttf in Resources */,
			);
			runOnlyForDeploymentPostprocessing = 0;
		};
		0A12567C27179D990075EF9D /* Resources */ = {
			isa = PBXResourcesBuildPhase;
			buildActionMask = 2147483647;
			files = (
			);
			runOnlyForDeploymentPostprocessing = 0;
		};
		0A12568627179D990075EF9D /* Resources */ = {
			isa = PBXResourcesBuildPhase;
			buildActionMask = 2147483647;
			files = (
			);
			runOnlyForDeploymentPostprocessing = 0;
		};
/* End PBXResourcesBuildPhase section */

/* Begin PBXShellScriptBuildPhase section */
		0AA55502271BD027009F1BF9 /* ShellScript */ = {
			isa = PBXShellScriptBuildPhase;
			buildActionMask = 2147483647;
			files = (
			);
			inputFileListPaths = (
			);
			inputPaths = (
			);
			outputFileListPaths = (
			);
			outputPaths = (
			);
			runOnlyForDeploymentPostprocessing = 0;
			shellPath = /bin/sh;
			shellScript = "if which swiftlint >/dev/null; then\n  swiftlint\nelse\n  echo \"warning: Swiftlint not installed, download from https://github.com/realm/Swiftlint\"\nfi\n";
		};
		AAFA88108ECA240926D41E8F /* [CP] Embed Pods Frameworks */ = {
			isa = PBXShellScriptBuildPhase;
			buildActionMask = 2147483647;
			files = (
			);
			inputFileListPaths = (
				"${PODS_ROOT}/Target Support Files/Pods-marvel-gallery-marvel-galleryUITests/Pods-marvel-gallery-marvel-galleryUITests-frameworks-${CONFIGURATION}-input-files.xcfilelist",
			);
			name = "[CP] Embed Pods Frameworks";
			outputFileListPaths = (
				"${PODS_ROOT}/Target Support Files/Pods-marvel-gallery-marvel-galleryUITests/Pods-marvel-gallery-marvel-galleryUITests-frameworks-${CONFIGURATION}-output-files.xcfilelist",
			);
			runOnlyForDeploymentPostprocessing = 0;
			shellPath = /bin/sh;
			shellScript = "\"${PODS_ROOT}/Target Support Files/Pods-marvel-gallery-marvel-galleryUITests/Pods-marvel-gallery-marvel-galleryUITests-frameworks.sh\"\n";
			showEnvVarsInLog = 0;
		};
		B696D2CB988AAD9DC71F72ED /* [CP] Check Pods Manifest.lock */ = {
			isa = PBXShellScriptBuildPhase;
			buildActionMask = 2147483647;
			files = (
			);
			inputFileListPaths = (
			);
			inputPaths = (
				"${PODS_PODFILE_DIR_PATH}/Podfile.lock",
				"${PODS_ROOT}/Manifest.lock",
			);
			name = "[CP] Check Pods Manifest.lock";
			outputFileListPaths = (
			);
			outputPaths = (
				"$(DERIVED_FILE_DIR)/Pods-marvel-galleryTests-checkManifestLockResult.txt",
			);
			runOnlyForDeploymentPostprocessing = 0;
			shellPath = /bin/sh;
			shellScript = "diff \"${PODS_PODFILE_DIR_PATH}/Podfile.lock\" \"${PODS_ROOT}/Manifest.lock\" > /dev/null\nif [ $? != 0 ] ; then\n    # print error to STDERR\n    echo \"error: The sandbox is not in sync with the Podfile.lock. Run 'pod install' or update your CocoaPods installation.\" >&2\n    exit 1\nfi\n# This output is used by Xcode 'outputs' to avoid re-running this script phase.\necho \"SUCCESS\" > \"${SCRIPT_OUTPUT_FILE_0}\"\n";
			showEnvVarsInLog = 0;
		};
		D196367BE738A0D737DD1AA5 /* [CP] Check Pods Manifest.lock */ = {
			isa = PBXShellScriptBuildPhase;
			buildActionMask = 2147483647;
			files = (
			);
			inputFileListPaths = (
			);
			inputPaths = (
				"${PODS_PODFILE_DIR_PATH}/Podfile.lock",
				"${PODS_ROOT}/Manifest.lock",
			);
			name = "[CP] Check Pods Manifest.lock";
			outputFileListPaths = (
			);
			outputPaths = (
				"$(DERIVED_FILE_DIR)/Pods-marvel-gallery-checkManifestLockResult.txt",
			);
			runOnlyForDeploymentPostprocessing = 0;
			shellPath = /bin/sh;
			shellScript = "diff \"${PODS_PODFILE_DIR_PATH}/Podfile.lock\" \"${PODS_ROOT}/Manifest.lock\" > /dev/null\nif [ $? != 0 ] ; then\n    # print error to STDERR\n    echo \"error: The sandbox is not in sync with the Podfile.lock. Run 'pod install' or update your CocoaPods installation.\" >&2\n    exit 1\nfi\n# This output is used by Xcode 'outputs' to avoid re-running this script phase.\necho \"SUCCESS\" > \"${SCRIPT_OUTPUT_FILE_0}\"\n";
			showEnvVarsInLog = 0;
		};
		DC7C3215837A405EDE0B9B48 /* [CP] Embed Pods Frameworks */ = {
			isa = PBXShellScriptBuildPhase;
			buildActionMask = 2147483647;
			files = (
			);
			inputFileListPaths = (
				"${PODS_ROOT}/Target Support Files/Pods-marvel-gallery/Pods-marvel-gallery-frameworks-${CONFIGURATION}-input-files.xcfilelist",
			);
			name = "[CP] Embed Pods Frameworks";
			outputFileListPaths = (
				"${PODS_ROOT}/Target Support Files/Pods-marvel-gallery/Pods-marvel-gallery-frameworks-${CONFIGURATION}-output-files.xcfilelist",
			);
			runOnlyForDeploymentPostprocessing = 0;
			shellPath = /bin/sh;
			shellScript = "\"${PODS_ROOT}/Target Support Files/Pods-marvel-gallery/Pods-marvel-gallery-frameworks.sh\"\n";
			showEnvVarsInLog = 0;
		};
		FACAB001E077A06451218346 /* [CP] Check Pods Manifest.lock */ = {
			isa = PBXShellScriptBuildPhase;
			buildActionMask = 2147483647;
			files = (
			);
			inputFileListPaths = (
			);
			inputPaths = (
				"${PODS_PODFILE_DIR_PATH}/Podfile.lock",
				"${PODS_ROOT}/Manifest.lock",
			);
			name = "[CP] Check Pods Manifest.lock";
			outputFileListPaths = (
			);
			outputPaths = (
				"$(DERIVED_FILE_DIR)/Pods-marvel-gallery-marvel-galleryUITests-checkManifestLockResult.txt",
			);
			runOnlyForDeploymentPostprocessing = 0;
			shellPath = /bin/sh;
			shellScript = "diff \"${PODS_PODFILE_DIR_PATH}/Podfile.lock\" \"${PODS_ROOT}/Manifest.lock\" > /dev/null\nif [ $? != 0 ] ; then\n    # print error to STDERR\n    echo \"error: The sandbox is not in sync with the Podfile.lock. Run 'pod install' or update your CocoaPods installation.\" >&2\n    exit 1\nfi\n# This output is used by Xcode 'outputs' to avoid re-running this script phase.\necho \"SUCCESS\" > \"${SCRIPT_OUTPUT_FILE_0}\"\n";
			showEnvVarsInLog = 0;
		};
/* End PBXShellScriptBuildPhase section */

/* Begin PBXSourcesBuildPhase section */
		0A12566A27179D950075EF9D /* Sources */ = {
			isa = PBXSourcesBuildPhase;
			buildActionMask = 2147483647;
			files = (
				0A5DF1A127190C3E00C55F25 /* Font.swift in Sources */,
				0A5DF1A5271927F200C55F25 /* UIFont.swift in Sources */,
				0AA554F6271B7747009F1BF9 /* Character.swift in Sources */,
				0A27FD20272BA3E3008B78AF /* MultiLineField.swift in Sources */,
				0AA8491A271D10770018B2E6 /* ImageLoaderViewModel.swift in Sources */,
				0AA554F9271B77E5009F1BF9 /* Models.swift in Sources */,
				0A5DF1B2271A250B00C55F25 /* L10n.swift in Sources */,
				0AA55508271D0068009F1BF9 /* CharacterDetailView.swift in Sources */,
				0AA55501271BC9C7009F1BF9 /* CharactersUseCase.swift in Sources */,
				0AA554FE271BBCD7009F1BF9 /* CharactersViewModel.swift in Sources */,
				0AA84920271DCC6A0018B2E6 /* Array.swift in Sources */,
				0A27FD1C272B9E72008B78AF /* SectionSeparator.swift in Sources */,
				0A12567227179D950075EF9D /* marvel_galleryApp.swift in Sources */,
				0A0285AF272EEEEC0046CCBF /* ComicsService.swift in Sources */,
				0A5DF18F2718EB6800C55F25 /* Color.swift in Sources */,
				0AA84922271E327F0018B2E6 /* String.swift in Sources */,
				0A0285B1272EF0010046CCBF /* Comic.swift in Sources */,
				0AA55504271C001B009F1BF9 /* ImageLoaderService.swift in Sources */,
				0A27FD1E272B9F42008B78AF /* SingleLineField.swift in Sources */,
				0A5DF1BC271A3DA400C55F25 /* CharactersView.swift in Sources */,
				0AA8491C271D10970018B2E6 /* ImageLoaderUseCase.swift in Sources */,
				0A5DF1B6271A385B00C55F25 /* UINavigationController.swift in Sources */,
				0AA55506271CE1D0009F1BF9 /* ActivityIndicator.swift in Sources */,
				0A5DF1C1271B293E00C55F25 /* Connection.swift in Sources */,
				0AA8491E271DB1C50018B2E6 /* CharacterDetailViewModel.swift in Sources */,
				0AA554F3271B7383009F1BF9 /* BaseService.swift in Sources */,
				0A5DF1BE271B214A00C55F25 /* CharactersService.swift in Sources */,
			);
			runOnlyForDeploymentPostprocessing = 0;
		};
		0A12567A27179D990075EF9D /* Sources */ = {
			isa = PBXSourcesBuildPhase;
			buildActionMask = 2147483647;
			files = (
				0A12568327179D990075EF9D /* marvel_galleryTests.swift in Sources */,
			);
			runOnlyForDeploymentPostprocessing = 0;
		};
		0A12568427179D990075EF9D /* Sources */ = {
			isa = PBXSourcesBuildPhase;
			buildActionMask = 2147483647;
			files = (
				0A12568F27179D990075EF9D /* marvel_galleryUITestsLaunchTests.swift in Sources */,
				0A12568D27179D990075EF9D /* marvel_galleryUITests.swift in Sources */,
			);
			runOnlyForDeploymentPostprocessing = 0;
		};
/* End PBXSourcesBuildPhase section */

/* Begin PBXTargetDependency section */
		0A12568027179D990075EF9D /* PBXTargetDependency */ = {
			isa = PBXTargetDependency;
			target = 0A12566D27179D950075EF9D /* marvel-gallery */;
			targetProxy = 0A12567F27179D990075EF9D /* PBXContainerItemProxy */;
		};
		0A12568A27179D990075EF9D /* PBXTargetDependency */ = {
			isa = PBXTargetDependency;
			target = 0A12566D27179D950075EF9D /* marvel-gallery */;
			targetProxy = 0A12568927179D990075EF9D /* PBXContainerItemProxy */;
		};
/* End PBXTargetDependency section */

/* Begin XCBuildConfiguration section */
		0A12569027179D990075EF9D /* Debug */ = {
			isa = XCBuildConfiguration;
			buildSettings = {
				ALWAYS_SEARCH_USER_PATHS = NO;
				CLANG_ANALYZER_NONNULL = YES;
				CLANG_ANALYZER_NUMBER_OBJECT_CONVERSION = YES_AGGRESSIVE;
				CLANG_CXX_LANGUAGE_STANDARD = "gnu++17";
				CLANG_CXX_LIBRARY = "libc++";
				CLANG_ENABLE_MODULES = YES;
				CLANG_ENABLE_OBJC_ARC = YES;
				CLANG_ENABLE_OBJC_WEAK = YES;
				CLANG_WARN_BLOCK_CAPTURE_AUTORELEASING = YES;
				CLANG_WARN_BOOL_CONVERSION = YES;
				CLANG_WARN_COMMA = YES;
				CLANG_WARN_CONSTANT_CONVERSION = YES;
				CLANG_WARN_DEPRECATED_OBJC_IMPLEMENTATIONS = YES;
				CLANG_WARN_DIRECT_OBJC_ISA_USAGE = YES_ERROR;
				CLANG_WARN_DOCUMENTATION_COMMENTS = YES;
				CLANG_WARN_EMPTY_BODY = YES;
				CLANG_WARN_ENUM_CONVERSION = YES;
				CLANG_WARN_INFINITE_RECURSION = YES;
				CLANG_WARN_INT_CONVERSION = YES;
				CLANG_WARN_NON_LITERAL_NULL_CONVERSION = YES;
				CLANG_WARN_OBJC_IMPLICIT_RETAIN_SELF = YES;
				CLANG_WARN_OBJC_LITERAL_CONVERSION = YES;
				CLANG_WARN_OBJC_ROOT_CLASS = YES_ERROR;
				CLANG_WARN_QUOTED_INCLUDE_IN_FRAMEWORK_HEADER = YES;
				CLANG_WARN_RANGE_LOOP_ANALYSIS = YES;
				CLANG_WARN_STRICT_PROTOTYPES = YES;
				CLANG_WARN_SUSPICIOUS_MOVE = YES;
				CLANG_WARN_UNGUARDED_AVAILABILITY = YES_AGGRESSIVE;
				CLANG_WARN_UNREACHABLE_CODE = YES;
				CLANG_WARN__DUPLICATE_METHOD_MATCH = YES;
				COPY_PHASE_STRIP = NO;
				DEBUG_INFORMATION_FORMAT = dwarf;
				ENABLE_STRICT_OBJC_MSGSEND = YES;
				ENABLE_TESTABILITY = YES;
				GCC_C_LANGUAGE_STANDARD = gnu11;
				GCC_DYNAMIC_NO_PIC = NO;
				GCC_NO_COMMON_BLOCKS = YES;
				GCC_OPTIMIZATION_LEVEL = 0;
				GCC_PREPROCESSOR_DEFINITIONS = (
					"DEBUG=1",
					"$(inherited)",
				);
				GCC_WARN_64_TO_32_BIT_CONVERSION = YES;
				GCC_WARN_ABOUT_RETURN_TYPE = YES_ERROR;
				GCC_WARN_UNDECLARED_SELECTOR = YES;
				GCC_WARN_UNINITIALIZED_AUTOS = YES_AGGRESSIVE;
				GCC_WARN_UNUSED_FUNCTION = YES;
				GCC_WARN_UNUSED_VARIABLE = YES;
				IPHONEOS_DEPLOYMENT_TARGET = 15.0;
				MTL_ENABLE_DEBUG_INFO = INCLUDE_SOURCE;
				MTL_FAST_MATH = YES;
				ONLY_ACTIVE_ARCH = YES;
				SDKROOT = iphoneos;
				SWIFT_ACTIVE_COMPILATION_CONDITIONS = DEBUG;
				SWIFT_OPTIMIZATION_LEVEL = "-Onone";
			};
			name = Debug;
		};
		0A12569127179D990075EF9D /* Release */ = {
			isa = XCBuildConfiguration;
			buildSettings = {
				ALWAYS_SEARCH_USER_PATHS = NO;
				CLANG_ANALYZER_NONNULL = YES;
				CLANG_ANALYZER_NUMBER_OBJECT_CONVERSION = YES_AGGRESSIVE;
				CLANG_CXX_LANGUAGE_STANDARD = "gnu++17";
				CLANG_CXX_LIBRARY = "libc++";
				CLANG_ENABLE_MODULES = YES;
				CLANG_ENABLE_OBJC_ARC = YES;
				CLANG_ENABLE_OBJC_WEAK = YES;
				CLANG_WARN_BLOCK_CAPTURE_AUTORELEASING = YES;
				CLANG_WARN_BOOL_CONVERSION = YES;
				CLANG_WARN_COMMA = YES;
				CLANG_WARN_CONSTANT_CONVERSION = YES;
				CLANG_WARN_DEPRECATED_OBJC_IMPLEMENTATIONS = YES;
				CLANG_WARN_DIRECT_OBJC_ISA_USAGE = YES_ERROR;
				CLANG_WARN_DOCUMENTATION_COMMENTS = YES;
				CLANG_WARN_EMPTY_BODY = YES;
				CLANG_WARN_ENUM_CONVERSION = YES;
				CLANG_WARN_INFINITE_RECURSION = YES;
				CLANG_WARN_INT_CONVERSION = YES;
				CLANG_WARN_NON_LITERAL_NULL_CONVERSION = YES;
				CLANG_WARN_OBJC_IMPLICIT_RETAIN_SELF = YES;
				CLANG_WARN_OBJC_LITERAL_CONVERSION = YES;
				CLANG_WARN_OBJC_ROOT_CLASS = YES_ERROR;
				CLANG_WARN_QUOTED_INCLUDE_IN_FRAMEWORK_HEADER = YES;
				CLANG_WARN_RANGE_LOOP_ANALYSIS = YES;
				CLANG_WARN_STRICT_PROTOTYPES = YES;
				CLANG_WARN_SUSPICIOUS_MOVE = YES;
				CLANG_WARN_UNGUARDED_AVAILABILITY = YES_AGGRESSIVE;
				CLANG_WARN_UNREACHABLE_CODE = YES;
				CLANG_WARN__DUPLICATE_METHOD_MATCH = YES;
				COPY_PHASE_STRIP = NO;
				DEBUG_INFORMATION_FORMAT = "dwarf-with-dsym";
				ENABLE_NS_ASSERTIONS = NO;
				ENABLE_STRICT_OBJC_MSGSEND = YES;
				GCC_C_LANGUAGE_STANDARD = gnu11;
				GCC_NO_COMMON_BLOCKS = YES;
				GCC_WARN_64_TO_32_BIT_CONVERSION = YES;
				GCC_WARN_ABOUT_RETURN_TYPE = YES_ERROR;
				GCC_WARN_UNDECLARED_SELECTOR = YES;
				GCC_WARN_UNINITIALIZED_AUTOS = YES_AGGRESSIVE;
				GCC_WARN_UNUSED_FUNCTION = YES;
				GCC_WARN_UNUSED_VARIABLE = YES;
				IPHONEOS_DEPLOYMENT_TARGET = 15.0;
				MTL_ENABLE_DEBUG_INFO = NO;
				MTL_FAST_MATH = YES;
				SDKROOT = iphoneos;
				SWIFT_COMPILATION_MODE = wholemodule;
				SWIFT_OPTIMIZATION_LEVEL = "-O";
				VALIDATE_PRODUCT = YES;
			};
			name = Release;
		};
		0A12569327179D990075EF9D /* Debug */ = {
			isa = XCBuildConfiguration;
			baseConfigurationReference = 70CB83182F521FC8BE345100 /* Pods-marvel-gallery.debug.xcconfig */;
			buildSettings = {
				ASSETCATALOG_COMPILER_APPICON_NAME = AppIcon;
				ASSETCATALOG_COMPILER_GLOBAL_ACCENT_COLOR_NAME = AccentColor;
				CODE_SIGN_IDENTITY = "Apple Development";
				CODE_SIGN_STYLE = Automatic;
				CURRENT_PROJECT_VERSION = 1;
				DEVELOPMENT_ASSET_PATHS = "\"marvel-gallery/Preview Content\"";
				DEVELOPMENT_TEAM = 4A723W25N6;
				ENABLE_PREVIEWS = YES;
				GENERATE_INFOPLIST_FILE = YES;
				INFOPLIST_FILE = "marvel-gallery/Info.plist";
				INFOPLIST_KEY_UIApplicationSceneManifest_Generation = YES;
				INFOPLIST_KEY_UIApplicationSupportsIndirectInputEvents = YES;
				INFOPLIST_KEY_UILaunchScreen_Generation = YES;
				INFOPLIST_KEY_UISupportedInterfaceOrientations = UIInterfaceOrientationPortrait;
				INFOPLIST_KEY_UISupportedInterfaceOrientations_iPad = "UIInterfaceOrientationPortrait UIInterfaceOrientationPortraitUpsideDown UIInterfaceOrientationLandscapeLeft UIInterfaceOrientationLandscapeRight";
				INFOPLIST_KEY_UISupportedInterfaceOrientations_iPhone = "UIInterfaceOrientationPortrait UIInterfaceOrientationLandscapeLeft UIInterfaceOrientationLandscapeRight";
				IPHONEOS_DEPLOYMENT_TARGET = 15.0;
				LD_RUNPATH_SEARCH_PATHS = (
					"$(inherited)",
					"@executable_path/Frameworks",
				);
				MARKETING_VERSION = 1.0;
				PRODUCT_BUNDLE_IDENTIFIER = "com.ryam.marvel-gallery";
				PRODUCT_NAME = "$(TARGET_NAME)";
				PROVISIONING_PROFILE_SPECIFIER = "";
				SWIFT_EMIT_LOC_STRINGS = YES;
				SWIFT_VERSION = 5.0;
				TARGETED_DEVICE_FAMILY = 1;
			};
			name = Debug;
		};
		0A12569427179D990075EF9D /* Release */ = {
			isa = XCBuildConfiguration;
			baseConfigurationReference = 1513C809C5F8FEC77DF9FBC8 /* Pods-marvel-gallery.release.xcconfig */;
			buildSettings = {
				ASSETCATALOG_COMPILER_APPICON_NAME = AppIcon;
				ASSETCATALOG_COMPILER_GLOBAL_ACCENT_COLOR_NAME = AccentColor;
				CODE_SIGN_IDENTITY = "Apple Development";
				CODE_SIGN_STYLE = Automatic;
				CURRENT_PROJECT_VERSION = 1;
				DEVELOPMENT_ASSET_PATHS = "\"marvel-gallery/Preview Content\"";
				DEVELOPMENT_TEAM = 4A723W25N6;
				ENABLE_PREVIEWS = YES;
				GENERATE_INFOPLIST_FILE = YES;
				INFOPLIST_FILE = "marvel-gallery/Info.plist";
				INFOPLIST_KEY_UIApplicationSceneManifest_Generation = YES;
				INFOPLIST_KEY_UIApplicationSupportsIndirectInputEvents = YES;
				INFOPLIST_KEY_UILaunchScreen_Generation = YES;
				INFOPLIST_KEY_UISupportedInterfaceOrientations = UIInterfaceOrientationPortrait;
				INFOPLIST_KEY_UISupportedInterfaceOrientations_iPad = "UIInterfaceOrientationPortrait UIInterfaceOrientationPortraitUpsideDown UIInterfaceOrientationLandscapeLeft UIInterfaceOrientationLandscapeRight";
				INFOPLIST_KEY_UISupportedInterfaceOrientations_iPhone = "UIInterfaceOrientationPortrait UIInterfaceOrientationLandscapeLeft UIInterfaceOrientationLandscapeRight";
				IPHONEOS_DEPLOYMENT_TARGET = 15.0;
				LD_RUNPATH_SEARCH_PATHS = (
					"$(inherited)",
					"@executable_path/Frameworks",
				);
				MARKETING_VERSION = 1.0;
				PRODUCT_BUNDLE_IDENTIFIER = "com.ryam.marvel-gallery";
				PRODUCT_NAME = "$(TARGET_NAME)";
				PROVISIONING_PROFILE_SPECIFIER = "";
				SWIFT_EMIT_LOC_STRINGS = YES;
				SWIFT_VERSION = 5.0;
				TARGETED_DEVICE_FAMILY = 1;
			};
			name = Release;
		};
		0A12569627179D990075EF9D /* Debug */ = {
			isa = XCBuildConfiguration;
			baseConfigurationReference = 0D247701985FD8FE6A716162 /* Pods-marvel-galleryTests.debug.xcconfig */;
			buildSettings = {
				ALWAYS_EMBED_SWIFT_STANDARD_LIBRARIES = YES;
				BUNDLE_LOADER = "$(TEST_HOST)";
				CODE_SIGN_STYLE = Automatic;
				CURRENT_PROJECT_VERSION = 1;
				DEVELOPMENT_TEAM = 4A723W25N6;
				GENERATE_INFOPLIST_FILE = YES;
				IPHONEOS_DEPLOYMENT_TARGET = 14.0;
				LD_RUNPATH_SEARCH_PATHS = (
					"$(inherited)",
					"@executable_path/Frameworks",
					"@loader_path/Frameworks",
				);
				MARKETING_VERSION = 1.0;
				PRODUCT_BUNDLE_IDENTIFIER = "com.ryam.marvel-galleryTests";
				PRODUCT_NAME = "$(TARGET_NAME)";
				SWIFT_EMIT_LOC_STRINGS = NO;
				SWIFT_VERSION = 5.0;
				TARGETED_DEVICE_FAMILY = "1,2";
				TEST_HOST = "$(BUILT_PRODUCTS_DIR)/marvel-gallery.app/marvel-gallery";
			};
			name = Debug;
		};
		0A12569727179D990075EF9D /* Release */ = {
			isa = XCBuildConfiguration;
			baseConfigurationReference = 062FB62D9759C1352A1A0371 /* Pods-marvel-galleryTests.release.xcconfig */;
			buildSettings = {
				ALWAYS_EMBED_SWIFT_STANDARD_LIBRARIES = YES;
				BUNDLE_LOADER = "$(TEST_HOST)";
				CODE_SIGN_STYLE = Automatic;
				CURRENT_PROJECT_VERSION = 1;
				DEVELOPMENT_TEAM = 4A723W25N6;
				GENERATE_INFOPLIST_FILE = YES;
				IPHONEOS_DEPLOYMENT_TARGET = 14.0;
				LD_RUNPATH_SEARCH_PATHS = (
					"$(inherited)",
					"@executable_path/Frameworks",
					"@loader_path/Frameworks",
				);
				MARKETING_VERSION = 1.0;
				PRODUCT_BUNDLE_IDENTIFIER = "com.ryam.marvel-galleryTests";
				PRODUCT_NAME = "$(TARGET_NAME)";
				SWIFT_EMIT_LOC_STRINGS = NO;
				SWIFT_VERSION = 5.0;
				TARGETED_DEVICE_FAMILY = "1,2";
				TEST_HOST = "$(BUILT_PRODUCTS_DIR)/marvel-gallery.app/marvel-gallery";
			};
			name = Release;
		};
		0A12569927179D990075EF9D /* Debug */ = {
			isa = XCBuildConfiguration;
			baseConfigurationReference = 4E5EEE768C76C772C1121D6B /* Pods-marvel-gallery-marvel-galleryUITests.debug.xcconfig */;
			buildSettings = {
				ALWAYS_EMBED_SWIFT_STANDARD_LIBRARIES = YES;
				CODE_SIGN_STYLE = Automatic;
				CURRENT_PROJECT_VERSION = 1;
				DEVELOPMENT_TEAM = 4A723W25N6;
				GENERATE_INFOPLIST_FILE = YES;
				LD_RUNPATH_SEARCH_PATHS = (
					"$(inherited)",
					"@executable_path/Frameworks",
					"@loader_path/Frameworks",
				);
				MARKETING_VERSION = 1.0;
				PRODUCT_BUNDLE_IDENTIFIER = "com.ryam.marvel-galleryUITests";
				PRODUCT_NAME = "$(TARGET_NAME)";
				SWIFT_EMIT_LOC_STRINGS = NO;
				SWIFT_VERSION = 5.0;
				TARGETED_DEVICE_FAMILY = "1,2";
				TEST_TARGET_NAME = "marvel-gallery";
			};
			name = Debug;
		};
		0A12569A27179D990075EF9D /* Release */ = {
			isa = XCBuildConfiguration;
			baseConfigurationReference = D9822C2D70534ED69DBB1F0F /* Pods-marvel-gallery-marvel-galleryUITests.release.xcconfig */;
			buildSettings = {
				ALWAYS_EMBED_SWIFT_STANDARD_LIBRARIES = YES;
				CODE_SIGN_STYLE = Automatic;
				CURRENT_PROJECT_VERSION = 1;
				DEVELOPMENT_TEAM = 4A723W25N6;
				GENERATE_INFOPLIST_FILE = YES;
				LD_RUNPATH_SEARCH_PATHS = (
					"$(inherited)",
					"@executable_path/Frameworks",
					"@loader_path/Frameworks",
				);
				MARKETING_VERSION = 1.0;
				PRODUCT_BUNDLE_IDENTIFIER = "com.ryam.marvel-galleryUITests";
				PRODUCT_NAME = "$(TARGET_NAME)";
				SWIFT_EMIT_LOC_STRINGS = NO;
				SWIFT_VERSION = 5.0;
				TARGETED_DEVICE_FAMILY = "1,2";
				TEST_TARGET_NAME = "marvel-gallery";
			};
			name = Release;
		};
/* End XCBuildConfiguration section */

/* Begin XCConfigurationList section */
		0A12566927179D950075EF9D /* Build configuration list for PBXProject "marvel-gallery" */ = {
			isa = XCConfigurationList;
			buildConfigurations = (
				0A12569027179D990075EF9D /* Debug */,
				0A12569127179D990075EF9D /* Release */,
			);
			defaultConfigurationIsVisible = 0;
			defaultConfigurationName = Release;
		};
		0A12569227179D990075EF9D /* Build configuration list for PBXNativeTarget "marvel-gallery" */ = {
			isa = XCConfigurationList;
			buildConfigurations = (
				0A12569327179D990075EF9D /* Debug */,
				0A12569427179D990075EF9D /* Release */,
			);
			defaultConfigurationIsVisible = 0;
			defaultConfigurationName = Release;
		};
		0A12569527179D990075EF9D /* Build configuration list for PBXNativeTarget "marvel-galleryTests" */ = {
			isa = XCConfigurationList;
			buildConfigurations = (
				0A12569627179D990075EF9D /* Debug */,
				0A12569727179D990075EF9D /* Release */,
			);
			defaultConfigurationIsVisible = 0;
			defaultConfigurationName = Release;
		};
		0A12569827179D990075EF9D /* Build configuration list for PBXNativeTarget "marvel-galleryUITests" */ = {
			isa = XCConfigurationList;
			buildConfigurations = (
				0A12569927179D990075EF9D /* Debug */,
				0A12569A27179D990075EF9D /* Release */,
			);
			defaultConfigurationIsVisible = 0;
			defaultConfigurationName = Release;
		};
/* End XCConfigurationList section */
	};
	rootObject = 0A12566627179D950075EF9D /* Project object */;
}
