PODS:
  - Alamofire (4.8.0)
  - Shimmer (1.0.2)
  - SwiftLint (0.29.1)

DEPENDENCIES:
  - Alamofire (= 4.8.0)
  - Shimmer (= 1.0.2)
  - SwiftLint

SPEC REPOS:
  https://github.com/cocoapods/specs.git:
    - Alamofire
    - Shimmer
    - SwiftLint

SPEC CHECKSUMS:
  Alamofire: 3ec537f71edc9804815215393ae2b1a8ea33a844
  Shimmer: c5374be1c2b0c9e292fb05b339a513cf291cac86
  SwiftLint: 6772320e40b52049053a518c17db9b0634a0b45a

PODFILE CHECKSUM: 8cca58abb876fb13946cd76fa225a987de28b5a5

COCOAPODS: 1.5.3
